// !$*UTF8*$!
{
	archiveVersion = 1;
	classes = {
	};
	objectVersion = 46;
	objects = {

/* Begin PBXBuildFile section */
		1D69F1061F591C3C003765A3 /* libBlindside-StaticLib.a in Frameworks */ = {isa = PBXBuildFile; fileRef = 1D69F09D1F591C14003765A3 /* libBlindside-StaticLib.a */; };
		1D69F1071F591C40003765A3 /* libDeferred.a in Frameworks */ = {isa = PBXBuildFile; fileRef = 1D69F0F11F591C30003765A3 /* libDeferred.a */; };
		1D69F10B1F591D2E003765A3 /* libCedar.a in Frameworks */ = {isa = PBXBuildFile; fileRef = 1D69F0C71F591C20003765A3 /* libCedar.a */; };
		1D69F1101F591D53003765A3 /* libBlindside-StaticLib.a in Frameworks */ = {isa = PBXBuildFile; fileRef = 1D69F09D1F591C14003765A3 /* libBlindside-StaticLib.a */; };
		1D69F1111F591D57003765A3 /* libDeferred.a in Frameworks */ = {isa = PBXBuildFile; fileRef = 1D69F0F11F591C30003765A3 /* libDeferred.a */; };
		1D69F16B1F591E65003765A3 /* User.m in Sources */ = {isa = PBXBuildFile; fileRef = 1D69F14A1F591E65003765A3 /* User.m */; };
		1D69F16C1F591E65003765A3 /* Dependancy.m in Sources */ = {isa = PBXBuildFile; fileRef = 1D69F14D1F591E65003765A3 /* Dependancy.m */; };
		1D69F16D1F591E65003765A3 /* UserServiceDeserializer.m in Sources */ = {isa = PBXBuildFile; fileRef = 1D69F1501F591E65003765A3 /* UserServiceDeserializer.m */; };
		1D69F16E1F591E65003765A3 /* users.json in Resources */ = {isa = PBXBuildFile; fileRef = 1D69F1521F591E65003765A3 /* users.json */; };
		1D69F16F1F591E65003765A3 /* HTTPClient.m in Sources */ = {isa = PBXBuildFile; fileRef = 1D69F1551F591E65003765A3 /* HTTPClient.m */; };
		1D69F1711F591E65003765A3 /* JSONClient.m in Sources */ = {isa = PBXBuildFile; fileRef = 1D69F1591F591E65003765A3 /* JSONClient.m */; };
		1D69F1731F591E65003765A3 /* InjectorProvider.m in Sources */ = {isa = PBXBuildFile; fileRef = 1D69F15E1F591E65003765A3 /* InjectorProvider.m */; };
		1D69F1741F591E65003765A3 /* RequestProvider.m in Sources */ = {isa = PBXBuildFile; fileRef = 1D69F1601F591E65003765A3 /* RequestProvider.m */; };
		1D69F1751F591E65003765A3 /* DataRepository.m in Sources */ = {isa = PBXBuildFile; fileRef = 1D69F1631F591E65003765A3 /* DataRepository.m */; };
		1D69F1761F591E65003765A3 /* DetailsViewController.m in Sources */ = {isa = PBXBuildFile; fileRef = 1D69F1661F591E65003765A3 /* DetailsViewController.m */; };
		1D69F1771F591E65003765A3 /* DetailsViewController.xib in Resources */ = {isa = PBXBuildFile; fileRef = 1D69F1671F591E65003765A3 /* DetailsViewController.xib */; };
		1D69F1781F591E65003765A3 /* ViewController.m in Sources */ = {isa = PBXBuildFile; fileRef = 1D69F1691F591E65003765A3 /* ViewController.m */; };
		1D69F1791F591E65003765A3 /* ViewController.xib in Resources */ = {isa = PBXBuildFile; fileRef = 1D69F16A1F591E65003765A3 /* ViewController.xib */; };
		1D69F1AC1F591EF3003765A3 /* DataRepositorySpec.mm in Sources */ = {isa = PBXBuildFile; fileRef = 1D69F1A11F591EF3003765A3 /* DataRepositorySpec.mm */; };
		1D69F1AD1F591EF3003765A3 /* DetailsViewControllerSpec.mm in Sources */ = {isa = PBXBuildFile; fileRef = 1D69F1A21F591EF3003765A3 /* DetailsViewControllerSpec.mm */; };
		1D69F1AF1F591EF3003765A3 /* HTTPClientSpec.mm in Sources */ = {isa = PBXBuildFile; fileRef = 1D69F1A41F591EF3003765A3 /* HTTPClientSpec.mm */; };
		1D69F1B01F591EF3003765A3 /* InjectorSpec.mm in Sources */ = {isa = PBXBuildFile; fileRef = 1D69F1A51F591EF3003765A3 /* InjectorSpec.mm */; };
		1D69F1B21F591EF3003765A3 /* JSONClientSpec.mm in Sources */ = {isa = PBXBuildFile; fileRef = 1D69F1A71F591EF3003765A3 /* JSONClientSpec.mm */; };
		1D69F1B31F591EF3003765A3 /* RequestProviderSpec.mm in Sources */ = {isa = PBXBuildFile; fileRef = 1D69F1A81F591EF3003765A3 /* RequestProviderSpec.mm */; };
		1D69F1B41F591EF3003765A3 /* UserServiceDeserializerSpec.mm in Sources */ = {isa = PBXBuildFile; fileRef = 1D69F1A91F591EF3003765A3 /* UserServiceDeserializerSpec.mm */; };
		1D69F1B51F591EF3003765A3 /* ViewControllerSpec.mm in Sources */ = {isa = PBXBuildFile; fileRef = 1D69F1AA1F591EF3003765A3 /* ViewControllerSpec.mm */; };
		1D69F21D1F592030003765A3 /* libFoundation+PivotalCore-StaticLib.a in Frameworks */ = {isa = PBXBuildFile; fileRef = 1D69F2021F591FF0003765A3 /* libFoundation+PivotalCore-StaticLib.a */; };
		1D69F21E1F592030003765A3 /* libFoundation+PivotalSpecHelper-StaticLib.a in Frameworks */ = {isa = PBXBuildFile; fileRef = 1D69F20C1F591FF0003765A3 /* libFoundation+PivotalSpecHelper-StaticLib.a */; };
		1D69F21F1F592030003765A3 /* libUIKit+PivotalCore-StaticLib.a in Frameworks */ = {isa = PBXBuildFile; fileRef = 1D69F1CC1F591FD8003765A3 /* libUIKit+PivotalCore-StaticLib.a */; };
		1D69F2201F592030003765A3 /* libUIKit+PivotalSpecHelper-StaticLib.a in Frameworks */ = {isa = PBXBuildFile; fileRef = 1D69F1CE1F591FD8003765A3 /* libUIKit+PivotalSpecHelper-StaticLib.a */; };
		1D69F2211F592030003765A3 /* libUIKit+PivotalSpecHelperStubs-StaticLib.a in Frameworks */ = {isa = PBXBuildFile; fileRef = 1D69F1D01F591FD8003765A3 /* libUIKit+PivotalSpecHelperStubs-StaticLib.a */; };
		1D69F2481F592AD7003765A3 /* AppDelegateSpec.mm in Sources */ = {isa = PBXBuildFile; fileRef = 1D69F2471F592AD7003765A3 /* AppDelegateSpec.mm */; };
		1D69F24B1F592B5A003765A3 /* UIKit.framework in Frameworks */ = {isa = PBXBuildFile; fileRef = 1D69F24A1F592B5A003765A3 /* UIKit.framework */; };
		1D69F2AB1F592F2A003765A3 /* New.m in Sources */ = {isa = PBXBuildFile; fileRef = 1D69F2AA1F592F2A003765A3 /* New.m */; };
		1D69F2AD1F59302A003765A3 /* libxml2.tbd in Frameworks */ = {isa = PBXBuildFile; fileRef = 1D69F2AC1F59302A003765A3 /* libxml2.tbd */; };
		1DCB9B501F57D32F00C93F6D /* main.m in Sources */ = {isa = PBXBuildFile; fileRef = 1DCB9B4F1F57D32F00C93F6D /* main.m */; };
		1DCB9B531F57D32F00C93F6D /* AppDelegate.m in Sources */ = {isa = PBXBuildFile; fileRef = 1DCB9B521F57D32F00C93F6D /* AppDelegate.m */; };
		1DCB9B591F57D32F00C93F6D /* Main.storyboard in Resources */ = {isa = PBXBuildFile; fileRef = 1DCB9B571F57D32F00C93F6D /* Main.storyboard */; };
		1DCB9B5B1F57D32F00C93F6D /* Assets.xcassets in Resources */ = {isa = PBXBuildFile; fileRef = 1DCB9B5A1F57D32F00C93F6D /* Assets.xcassets */; };
		1DCB9B5E1F57D32F00C93F6D /* LaunchScreen.storyboard in Resources */ = {isa = PBXBuildFile; fileRef = 1DCB9B5C1F57D32F00C93F6D /* LaunchScreen.storyboard */; };
/* End PBXBuildFile section */

/* Begin PBXContainerItemProxy section */
		1D69F0941F591C14003765A3 /* PBXContainerItemProxy */ = {
			isa = PBXContainerItemProxy;
			containerPortal = 1D69F0851F591C14003765A3 /* Blindside.xcodeproj */;
			proxyType = 2;
			remoteGlobalIDString = 29CAC6E4150292AD00731862;
			remoteInfo = Blindside;
		};
		1D69F0961F591C14003765A3 /* PBXContainerItemProxy */ = {
			isa = PBXContainerItemProxy;
			containerPortal = 1D69F0851F591C14003765A3 /* Blindside.xcodeproj */;
			proxyType = 2;
			remoteGlobalIDString = AE4864BD1B066F11005DB302;
			remoteInfo = "Blindside-iOS";
		};
		1D69F0981F591C14003765A3 /* PBXContainerItemProxy */ = {
			isa = PBXContainerItemProxy;
			containerPortal = 1D69F0851F591C14003765A3 /* Blindside.xcodeproj */;
			proxyType = 2;
			remoteGlobalIDString = 34E710AB1B9F85210088AB71;
			remoteInfo = "Blindside-watchOS";
		};
		1D69F09A1F591C14003765A3 /* PBXContainerItemProxy */ = {
			isa = PBXContainerItemProxy;
			containerPortal = 1D69F0851F591C14003765A3 /* Blindside.xcodeproj */;
			proxyType = 2;
			remoteGlobalIDString = 343267161BAA2A9C005F2D7A;
			remoteInfo = "Blindside-tvOS";
		};
		1D69F09C1F591C14003765A3 /* PBXContainerItemProxy */ = {
			isa = PBXContainerItemProxy;
			containerPortal = 1D69F0851F591C14003765A3 /* Blindside.xcodeproj */;
			proxyType = 2;
			remoteGlobalIDString = 29997B471505EC0B00C12110;
			remoteInfo = "Blindside-StaticLib";
		};
		1D69F09E1F591C14003765A3 /* PBXContainerItemProxy */ = {
			isa = PBXContainerItemProxy;
			containerPortal = 1D69F0851F591C14003765A3 /* Blindside.xcodeproj */;
			proxyType = 2;
			remoteGlobalIDString = 29CAC7001502932000731862;
			remoteInfo = Specs;
		};
		1D69F0A01F591C14003765A3 /* PBXContainerItemProxy */ = {
			isa = PBXContainerItemProxy;
			containerPortal = 1D69F0851F591C14003765A3 /* Blindside.xcodeproj */;
			proxyType = 2;
			remoteGlobalIDString = AE03FC1A1B0A57DD00013784;
			remoteInfo = "Blindside-iOS BuildTest";
		};
		1D69F0A21F591C14003765A3 /* PBXContainerItemProxy */ = {
			isa = PBXContainerItemProxy;
			containerPortal = 1D69F0851F591C14003765A3 /* Blindside.xcodeproj */;
			proxyType = 2;
			remoteGlobalIDString = 34A18BD31B9F887200A65DB3;
			remoteInfo = "Blindside-watchOS BuildTest";
		};
		1D69F0A41F591C14003765A3 /* PBXContainerItemProxy */ = {
			isa = PBXContainerItemProxy;
			containerPortal = 1D69F0851F591C14003765A3 /* Blindside.xcodeproj */;
			proxyType = 2;
			remoteGlobalIDString = 34A18BDF1B9F887300A65DB3;
			remoteInfo = "Blindside-watchOS BuildTest Extension";
		};
		1D69F0A61F591C14003765A3 /* PBXContainerItemProxy */ = {
			isa = PBXContainerItemProxy;
			containerPortal = 1D69F0851F591C14003765A3 /* Blindside.xcodeproj */;
			proxyType = 2;
			remoteGlobalIDString = 344DA5171BAB042E004270AD;
			remoteInfo = "Blindside-tvOS BuildTest";
		};
		1D69F0BE1F591C20003765A3 /* PBXContainerItemProxy */ = {
			isa = PBXContainerItemProxy;
			containerPortal = 1D69F0A81F591C20003765A3 /* Cedar.xcodeproj */;
			proxyType = 2;
			remoteGlobalIDString = AEEE1FB611DC271300029872;
			remoteInfo = "Cedar-OSX";
		};
		1D69F0C01F591C20003765A3 /* PBXContainerItemProxy */ = {
			isa = PBXContainerItemProxy;
			containerPortal = 1D69F0A81F591C20003765A3 /* Cedar.xcodeproj */;
			proxyType = 2;
			remoteGlobalIDString = AE4864F81B067620005DB302;
			remoteInfo = "Cedar-iOS";
		};
		1D69F0C21F591C20003765A3 /* PBXContainerItemProxy */ = {
			isa = PBXContainerItemProxy;
			containerPortal = 1D69F0A81F591C20003765A3 /* Cedar.xcodeproj */;
			proxyType = 2;
			remoteGlobalIDString = 346261DF1B995239002CAEBD;
			remoteInfo = "Cedar-watchOS";
		};
		1D69F0C41F591C20003765A3 /* PBXContainerItemProxy */ = {
			isa = PBXContainerItemProxy;
			containerPortal = 1D69F0A81F591C20003765A3 /* Cedar.xcodeproj */;
			proxyType = 2;
			remoteGlobalIDString = 34D7C3CA1BB9747400E8E523;
			remoteInfo = "Cedar-tvOS";
		};
		1D69F0C61F591C20003765A3 /* PBXContainerItemProxy */ = {
			isa = PBXContainerItemProxy;
			containerPortal = 1D69F0A81F591C20003765A3 /* Cedar.xcodeproj */;
			proxyType = 2;
			remoteGlobalIDString = AEEE222911DC2B0600029872;
			remoteInfo = "Cedar-iOS StaticLib";
		};
		1D69F0C81F591C20003765A3 /* PBXContainerItemProxy */ = {
			isa = PBXContainerItemProxy;
			containerPortal = 1D69F0A81F591C20003765A3 /* Cedar.xcodeproj */;
			proxyType = 2;
			remoteGlobalIDString = AEEE218611DC28E200029872;
			remoteInfo = "Cedar-OSX Specs";
		};
		1D69F0CA1F591C20003765A3 /* PBXContainerItemProxy */ = {
			isa = PBXContainerItemProxy;
			containerPortal = 1D69F0A81F591C20003765A3 /* Cedar.xcodeproj */;
			proxyType = 2;
			remoteGlobalIDString = 96A07F0813F276640021974D;
			remoteInfo = "Cedar-OSX FocusedSpecs";
		};
		1D69F0CC1F591C20003765A3 /* PBXContainerItemProxy */ = {
			isa = PBXContainerItemProxy;
			containerPortal = 1D69F0A81F591C20003765A3 /* Cedar.xcodeproj */;
			proxyType = 2;
			remoteGlobalIDString = AE03FBE91B06C33B00013784;
			remoteInfo = "Cedar-iOS Specs";
		};
		1D69F0CE1F591C20003765A3 /* PBXContainerItemProxy */ = {
			isa = PBXContainerItemProxy;
			containerPortal = 1D69F0A81F591C20003765A3 /* Cedar.xcodeproj */;
			proxyType = 2;
			remoteGlobalIDString = AEEE227611DC2CF900029872;
			remoteInfo = "Cedar-iOS StaticLib Specs";
		};
		1D69F0D01F591C20003765A3 /* PBXContainerItemProxy */ = {
			isa = PBXContainerItemProxy;
			containerPortal = 1D69F0A81F591C20003765A3 /* Cedar.xcodeproj */;
			proxyType = 2;
			remoteGlobalIDString = AE02E7E4184EABCD00414F19;
			remoteInfo = "Cedar-iOS StaticFrameworkSpecs";
		};
		1D69F0D21F591C20003765A3 /* PBXContainerItemProxy */ = {
			isa = PBXContainerItemProxy;
			containerPortal = 1D69F0A81F591C20003765A3 /* Cedar.xcodeproj */;
			proxyType = 2;
			remoteGlobalIDString = AE248F9819DCD52500092C14;
			remoteInfo = "Cedar-OSX HostApp";
		};
		1D69F0D41F591C20003765A3 /* PBXContainerItemProxy */ = {
			isa = PBXContainerItemProxy;
			containerPortal = 1D69F0A81F591C20003765A3 /* Cedar.xcodeproj */;
			proxyType = 2;
			remoteGlobalIDString = 96B5F9F6144A81A7000A6A5D;
			remoteInfo = "Cedar-iOS HostApp";
		};
		1D69F0D61F591C20003765A3 /* PBXContainerItemProxy */ = {
			isa = PBXContainerItemProxy;
			containerPortal = 1D69F0A81F591C20003765A3 /* Cedar.xcodeproj */;
			proxyType = 2;
			remoteGlobalIDString = 34852D211BBE35FF0072D249;
			remoteInfo = "Cedar-watchOS HostApp";
		};
		1D69F0D81F591C20003765A3 /* PBXContainerItemProxy */ = {
			isa = PBXContainerItemProxy;
			containerPortal = 1D69F0A81F591C20003765A3 /* Cedar.xcodeproj */;
			proxyType = 2;
			remoteGlobalIDString = AE248FAA19DCD52500092C14;
			remoteInfo = "Cedar-OSX SpecBundle";
		};
		1D69F0DA1F591C20003765A3 /* PBXContainerItemProxy */ = {
			isa = PBXContainerItemProxy;
			containerPortal = 1D69F0A81F591C20003765A3 /* Cedar.xcodeproj */;
			proxyType = 2;
			remoteGlobalIDString = 1F45A3DD180E4796003C1E36;
			remoteInfo = "Cedar-iOS SpecBundle";
		};
		1D69F0DC1F591C20003765A3 /* PBXContainerItemProxy */ = {
			isa = PBXContainerItemProxy;
			containerPortal = 1D69F0A81F591C20003765A3 /* Cedar.xcodeproj */;
			proxyType = 2;
			remoteGlobalIDString = 346262781B99C1DB002CAEBD;
			remoteInfo = "Cedar-watchOS Specs";
		};
		1D69F0DE1F591C20003765A3 /* PBXContainerItemProxy */ = {
			isa = PBXContainerItemProxy;
			containerPortal = 1D69F0A81F591C20003765A3 /* Cedar.xcodeproj */;
			proxyType = 2;
			remoteGlobalIDString = 346262841B99C1DC002CAEBD;
			remoteInfo = "Cedar-watchOS Specs Extension";
		};
		1D69F0E01F591C20003765A3 /* PBXContainerItemProxy */ = {
			isa = PBXContainerItemProxy;
			containerPortal = 1D69F0A81F591C20003765A3 /* Cedar.xcodeproj */;
			proxyType = 2;
			remoteGlobalIDString = 34D7C4691BB9B71600E8E523;
			remoteInfo = "Cedar-tvOS SpecBundle";
		};
		1D69F0F01F591C30003765A3 /* PBXContainerItemProxy */ = {
			isa = PBXContainerItemProxy;
			containerPortal = 1D69F0E21F591C30003765A3 /* Deferred.xcodeproj */;
			proxyType = 2;
			remoteGlobalIDString = E18A7B1515674D9B0083D745;
			remoteInfo = Deferred;
		};
		1D69F0F21F591C30003765A3 /* PBXContainerItemProxy */ = {
			isa = PBXContainerItemProxy;
			containerPortal = 1D69F0E21F591C30003765A3 /* Deferred.xcodeproj */;
			proxyType = 2;
			remoteGlobalIDString = E18A7B3015674EC20083D745;
			remoteInfo = "Deferred-OSX";
		};
		1D69F0F41F591C30003765A3 /* PBXContainerItemProxy */ = {
			isa = PBXContainerItemProxy;
			containerPortal = 1D69F0E21F591C30003765A3 /* Deferred.xcodeproj */;
			proxyType = 2;
			remoteGlobalIDString = 34490E751BC7F7D50067BFD5;
			remoteInfo = "Deferred-watchOS";
		};
		1D69F0F61F591C30003765A3 /* PBXContainerItemProxy */ = {
			isa = PBXContainerItemProxy;
			containerPortal = 1D69F0E21F591C30003765A3 /* Deferred.xcodeproj */;
			proxyType = 2;
			remoteGlobalIDString = 34490E541BC7F4EB0067BFD5;
			remoteInfo = "Deferred-tvOS";
		};
		1D69F0F81F591C30003765A3 /* PBXContainerItemProxy */ = {
			isa = PBXContainerItemProxy;
			containerPortal = 1D69F0E21F591C30003765A3 /* Deferred.xcodeproj */;
			proxyType = 2;
			remoteGlobalIDString = AE48646A1B0668A2005DB302;
			remoteInfo = "Deferred-iOS-Framework";
		};
		1D69F0FA1F591C30003765A3 /* PBXContainerItemProxy */ = {
			isa = PBXContainerItemProxy;
			containerPortal = 1D69F0E21F591C30003765A3 /* Deferred.xcodeproj */;
			proxyType = 2;
			remoteGlobalIDString = AE4864931B066A10005DB302;
			remoteInfo = "Deferred-OSX-Framework";
		};
		1D69F0FC1F591C30003765A3 /* PBXContainerItemProxy */ = {
			isa = PBXContainerItemProxy;
			containerPortal = 1D69F0E21F591C30003765A3 /* Deferred.xcodeproj */;
			proxyType = 2;
			remoteGlobalIDString = 34490EA01BC828B90067BFD5;
			remoteInfo = "Deferred-watchOS-Framework";
		};
		1D69F0FE1F591C30003765A3 /* PBXContainerItemProxy */ = {
			isa = PBXContainerItemProxy;
			containerPortal = 1D69F0E21F591C30003765A3 /* Deferred.xcodeproj */;
			proxyType = 2;
			remoteGlobalIDString = 34490E931BC8255D0067BFD5;
			remoteInfo = "Deferred-tvOS-Framework";
		};
		1D69F1001F591C30003765A3 /* PBXContainerItemProxy */ = {
			isa = PBXContainerItemProxy;
			containerPortal = 1D69F0E21F591C30003765A3 /* Deferred.xcodeproj */;
			proxyType = 2;
			remoteGlobalIDString = AE68319B1A365DC600B1B815;
			remoteInfo = "Deferred-iOSSpecs";
		};
		1D69F1021F591C30003765A3 /* PBXContainerItemProxy */ = {
			isa = PBXContainerItemProxy;
			containerPortal = 1D69F0E21F591C30003765A3 /* Deferred.xcodeproj */;
			proxyType = 2;
			remoteGlobalIDString = AE68316C1A365CF600B1B815;
			remoteInfo = "Deferred-OSXSpecs";
		};
		1D69F1041F591C30003765A3 /* PBXContainerItemProxy */ = {
			isa = PBXContainerItemProxy;
			containerPortal = 1D69F0E21F591C30003765A3 /* Deferred.xcodeproj */;
			proxyType = 2;
			remoteGlobalIDString = 34490ECA1BC82E920067BFD5;
			remoteInfo = "Deferred-tvOSSpecs";
		};
		1D69F1091F591D1B003765A3 /* PBXContainerItemProxy */ = {
			isa = PBXContainerItemProxy;
			containerPortal = 1D69F0A81F591C20003765A3 /* Cedar.xcodeproj */;
			proxyType = 1;
			remoteGlobalIDString = AEEE222811DC2B0600029872;
			remoteInfo = "Cedar-iOS StaticLib";
		};
		1D69F10C1F591D47003765A3 /* PBXContainerItemProxy */ = {
			isa = PBXContainerItemProxy;
			containerPortal = 1D69F0851F591C14003765A3 /* Blindside.xcodeproj */;
			proxyType = 1;
			remoteGlobalIDString = 29997B461505EC0B00C12110;
			remoteInfo = "Blindside-StaticLib";
		};
		1D69F10E1F591D4C003765A3 /* PBXContainerItemProxy */ = {
			isa = PBXContainerItemProxy;
			containerPortal = 1D69F0E21F591C30003765A3 /* Deferred.xcodeproj */;
			proxyType = 1;
			remoteGlobalIDString = E18A7B1415674D9B0083D745;
			remoteInfo = Deferred;
		};
		1D69F1CB1F591FD8003765A3 /* PBXContainerItemProxy */ = {
			isa = PBXContainerItemProxy;
			containerPortal = 1D69F1B61F591FD7003765A3 /* UIKit.xcodeproj */;
			proxyType = 2;
			remoteGlobalIDString = AEBCCC24168B999F0056EE83;
			remoteInfo = "UIKit+PivotalCore-StaticLib";
		};
		1D69F1CD1F591FD8003765A3 /* PBXContainerItemProxy */ = {
			isa = PBXContainerItemProxy;
			containerPortal = 1D69F1B61F591FD7003765A3 /* UIKit.xcodeproj */;
			proxyType = 2;
			remoteGlobalIDString = AEBCCC64168B9AF10056EE83;
			remoteInfo = "UIKit+PivotalSpecHelper-StaticLib";
		};
		1D69F1CF1F591FD8003765A3 /* PBXContainerItemProxy */ = {
			isa = PBXContainerItemProxy;
			containerPortal = 1D69F1B61F591FD7003765A3 /* UIKit.xcodeproj */;
			proxyType = 2;
			remoteGlobalIDString = AEC40C89174C203700474D2D;
			remoteInfo = "UIKit+PivotalSpecHelperStubs-StaticLib";
		};
		1D69F1D11F591FD8003765A3 /* PBXContainerItemProxy */ = {
			isa = PBXContainerItemProxy;
			containerPortal = 1D69F1B61F591FD7003765A3 /* UIKit.xcodeproj */;
			proxyType = 2;
			remoteGlobalIDString = AE3F05A11BE81FDD002BA0DE;
			remoteInfo = "UIKit+PivotalCore-iOS";
		};
		1D69F1D31F591FD8003765A3 /* PBXContainerItemProxy */ = {
			isa = PBXContainerItemProxy;
			containerPortal = 1D69F1B61F591FD7003765A3 /* UIKit.xcodeproj */;
			proxyType = 2;
			remoteGlobalIDString = 34A6645D1BDFE6AD00EF0FEA;
			remoteInfo = "UIKit+PivotalCore-tvOS";
		};
		1D69F1D51F591FD8003765A3 /* PBXContainerItemProxy */ = {
			isa = PBXContainerItemProxy;
			containerPortal = 1D69F1B61F591FD7003765A3 /* UIKit.xcodeproj */;
			proxyType = 2;
			remoteGlobalIDString = AE0D6A711BE941290095ACF3;
			remoteInfo = "UIKit+PivotalSpecHelper-iOS";
		};
		1D69F1D71F591FD8003765A3 /* PBXContainerItemProxy */ = {
			isa = PBXContainerItemProxy;
			containerPortal = 1D69F1B61F591FD7003765A3 /* UIKit.xcodeproj */;
			proxyType = 2;
			remoteGlobalIDString = 34A6646A1BDFE6D400EF0FEA;
			remoteInfo = "UIKit+PivotalSpecHelper-tvOS";
		};
		1D69F1D91F591FD8003765A3 /* PBXContainerItemProxy */ = {
			isa = PBXContainerItemProxy;
			containerPortal = 1D69F1B61F591FD7003765A3 /* UIKit.xcodeproj */;
			proxyType = 2;
			remoteGlobalIDString = AE0D6A991BE942490095ACF3;
			remoteInfo = "UIKit+PivotalSpecHelperStubs-iOS";
		};
		1D69F1DB1F591FD8003765A3 /* PBXContainerItemProxy */ = {
			isa = PBXContainerItemProxy;
			containerPortal = 1D69F1B61F591FD7003765A3 /* UIKit.xcodeproj */;
			proxyType = 2;
			remoteGlobalIDString = 34A664771BDFE6E500EF0FEA;
			remoteInfo = "UIKit+PivotalSpecHelperStubs-tvOS";
		};
		1D69F1DD1F591FD8003765A3 /* PBXContainerItemProxy */ = {
			isa = PBXContainerItemProxy;
			containerPortal = 1D69F1B61F591FD7003765A3 /* UIKit.xcodeproj */;
			proxyType = 2;
			remoteGlobalIDString = AEBCCC34168B99ED0056EE83;
			remoteInfo = "UIKit-StaticLibSpec";
		};
		1D69F1DF1F591FD8003765A3 /* PBXContainerItemProxy */ = {
			isa = PBXContainerItemProxy;
			containerPortal = 1D69F1B61F591FD7003765A3 /* UIKit.xcodeproj */;
			proxyType = 2;
			remoteGlobalIDString = 3466C0941B97A3C500CBAB59;
			remoteInfo = "UIKit-StaticLibSpecBundle";
		};
		1D69F1E11F591FD8003765A3 /* PBXContainerItemProxy */ = {
			isa = PBXContainerItemProxy;
			containerPortal = 1D69F1B61F591FD7003765A3 /* UIKit.xcodeproj */;
			proxyType = 2;
			remoteGlobalIDString = 346B40E11BE06F4E002A390E;
			remoteInfo = "UIKit-tvOS SpecHost";
		};
		1D69F1E31F591FD8003765A3 /* PBXContainerItemProxy */ = {
			isa = PBXContainerItemProxy;
			containerPortal = 1D69F1B61F591FD7003765A3 /* UIKit.xcodeproj */;
			proxyType = 2;
			remoteGlobalIDString = 34A664CD1BE027B500EF0FEA;
			remoteInfo = "UIKit-tvOS SpecBundle";
		};
		1D69F1E51F591FD8003765A3 /* PBXContainerItemProxy */ = {
			isa = PBXContainerItemProxy;
			containerPortal = 1D69F1B61F591FD7003765A3 /* UIKit.xcodeproj */;
			proxyType = 2;
			remoteGlobalIDString = AE0D6A451BE93CAD0095ACF3;
			remoteInfo = "UIKit-iOS SpecHost";
		};
		1D69F1E71F591FD8003765A3 /* PBXContainerItemProxy */ = {
			isa = PBXContainerItemProxy;
			containerPortal = 1D69F1B61F591FD7003765A3 /* UIKit.xcodeproj */;
			proxyType = 2;
			remoteGlobalIDString = AE3F05AA1BE81FDD002BA0DE;
			remoteInfo = "UIKit-iOS SpecBundle";
		};
		1D69F1FF1F591FF0003765A3 /* PBXContainerItemProxy */ = {
			isa = PBXContainerItemProxy;
			containerPortal = 1D69F1E91F591FF0003765A3 /* Foundation.xcodeproj */;
			proxyType = 2;
			remoteGlobalIDString = AEA96B49168B506500861DF1;
			remoteInfo = "Foundation+PivotalCore";
		};
		1D69F2011F591FF0003765A3 /* PBXContainerItemProxy */ = {
			isa = PBXContainerItemProxy;
			containerPortal = 1D69F1E91F591FF0003765A3 /* Foundation.xcodeproj */;
			proxyType = 2;
			remoteGlobalIDString = AEA96C54168B636E00861DF1;
			remoteInfo = "Foundation+PivotalCore-StaticLib";
		};
		1D69F2031F591FF0003765A3 /* PBXContainerItemProxy */ = {
			isa = PBXContainerItemProxy;
			containerPortal = 1D69F1E91F591FF0003765A3 /* Foundation.xcodeproj */;
			proxyType = 2;
			remoteGlobalIDString = 34A662B81BDF14BB00EF0FEA;
			remoteInfo = "Foundation+PivotalCore-watchOS";
		};
		1D69F2051F591FF0003765A3 /* PBXContainerItemProxy */ = {
			isa = PBXContainerItemProxy;
			containerPortal = 1D69F1E91F591FF0003765A3 /* Foundation.xcodeproj */;
			proxyType = 2;
			remoteGlobalIDString = AE3F04FD1BE81547002BA0DE;
			remoteInfo = "Foundation+PivotalCore-iOS";
		};
		1D69F2071F591FF0003765A3 /* PBXContainerItemProxy */ = {
			isa = PBXContainerItemProxy;
			containerPortal = 1D69F1E91F591FF0003765A3 /* Foundation.xcodeproj */;
			proxyType = 2;
			remoteGlobalIDString = 34A663031BDF1A9900EF0FEA;
			remoteInfo = "Foundation+PivotalCore-tvOS";
		};
		1D69F2091F591FF0003765A3 /* PBXContainerItemProxy */ = {
			isa = PBXContainerItemProxy;
			containerPortal = 1D69F1E91F591FF0003765A3 /* Foundation.xcodeproj */;
			proxyType = 2;
			remoteGlobalIDString = AEA96B9E168B541900861DF1;
			remoteInfo = "Foundation+PivotalSpecHelper";
		};
		1D69F20B1F591FF0003765A3 /* PBXContainerItemProxy */ = {
			isa = PBXContainerItemProxy;
			containerPortal = 1D69F1E91F591FF0003765A3 /* Foundation.xcodeproj */;
			proxyType = 2;
			remoteGlobalIDString = AEA96C64168B63BD00861DF1;
			remoteInfo = "Foundation+PivotalSpecHelper-StaticLib";
		};
		1D69F20D1F591FF0003765A3 /* PBXContainerItemProxy */ = {
			isa = PBXContainerItemProxy;
			containerPortal = 1D69F1E91F591FF0003765A3 /* Foundation.xcodeproj */;
			proxyType = 2;
			remoteGlobalIDString = 34A6633C1BDF1D3D00EF0FEA;
			remoteInfo = "Foundation+PivotalSpecHelper-watchOS";
		};
		1D69F20F1F591FF0003765A3 /* PBXContainerItemProxy */ = {
			isa = PBXContainerItemProxy;
			containerPortal = 1D69F1E91F591FF0003765A3 /* Foundation.xcodeproj */;
			proxyType = 2;
			remoteGlobalIDString = AE3F054D1BE8195E002BA0DE;
			remoteInfo = "Foundation+PivotalSpecHelper-iOS";
		};
		1D69F2111F591FF0003765A3 /* PBXContainerItemProxy */ = {
			isa = PBXContainerItemProxy;
			containerPortal = 1D69F1E91F591FF0003765A3 /* Foundation.xcodeproj */;
			proxyType = 2;
			remoteGlobalIDString = 34A6636E1BDF200A00EF0FEA;
			remoteInfo = "Foundation+PivotalSpecHelper-tvOS";
		};
		1D69F2131F591FF0003765A3 /* PBXContainerItemProxy */ = {
			isa = PBXContainerItemProxy;
			containerPortal = 1D69F1E91F591FF0003765A3 /* Foundation.xcodeproj */;
			proxyType = 2;
			remoteGlobalIDString = AEA96BD3168B561500861DF1;
			remoteInfo = FoundationSpec;
		};
		1D69F2151F591FF0003765A3 /* PBXContainerItemProxy */ = {
			isa = PBXContainerItemProxy;
			containerPortal = 1D69F1E91F591FF0003765A3 /* Foundation.xcodeproj */;
			proxyType = 2;
			remoteGlobalIDString = AEA96C74168B640B00861DF1;
			remoteInfo = "Foundation-StaticLibSpec";
		};
		1D69F2171F591FF0003765A3 /* PBXContainerItemProxy */ = {
			isa = PBXContainerItemProxy;
			containerPortal = 1D69F1E91F591FF0003765A3 /* Foundation.xcodeproj */;
			proxyType = 2;
			remoteGlobalIDString = 3466C03B1B97A10A00CBAB59;
			remoteInfo = "Foundation-StaticLibSpecBundle";
		};
		1D69F2191F591FF0003765A3 /* PBXContainerItemProxy */ = {
			isa = PBXContainerItemProxy;
			containerPortal = 1D69F1E91F591FF0003765A3 /* Foundation.xcodeproj */;
			proxyType = 2;
			remoteGlobalIDString = 34A663A41BDF24E700EF0FEA;
			remoteInfo = "Foundation-tvOS SpecBundle";
		};
		1D69F21B1F591FF0003765A3 /* PBXContainerItemProxy */ = {
			isa = PBXContainerItemProxy;
			containerPortal = 1D69F1E91F591FF0003765A3 /* Foundation.xcodeproj */;
			proxyType = 2;
			remoteGlobalIDString = AE3F05061BE81547002BA0DE;
			remoteInfo = "Foundation+PivotalCore-iOS-DynamicTests";
		};
		1D69F2221F5920C8003765A3 /* PBXContainerItemProxy */ = {
			isa = PBXContainerItemProxy;
			containerPortal = 1D69F0851F591C14003765A3 /* Blindside.xcodeproj */;
			proxyType = 1;
			remoteGlobalIDString = 29997B461505EC0B00C12110;
			remoteInfo = "Blindside-StaticLib";
		};
		1D69F2241F5920D1003765A3 /* PBXContainerItemProxy */ = {
			isa = PBXContainerItemProxy;
			containerPortal = 1D69F0E21F591C30003765A3 /* Deferred.xcodeproj */;
			proxyType = 1;
			remoteGlobalIDString = E18A7B1415674D9B0083D745;
			remoteInfo = Deferred;
		};
		1DCB9B651F57D32F00C93F6D /* PBXContainerItemProxy */ = {
			isa = PBXContainerItemProxy;
			containerPortal = 1DCB9B431F57D32F00C93F6D /* Project object */;
			proxyType = 1;
			remoteGlobalIDString = 1DCB9B4A1F57D32F00C93F6D;
			remoteInfo = TravisCI;
		};
/* End PBXContainerItemProxy section */

/* Begin PBXFileReference section */
		1D69F0851F591C14003765A3 /* Blindside.xcodeproj */ = {isa = PBXFileReference; lastKnownFileType = "wrapper.pb-project"; name = Blindside.xcodeproj; path = Blindside/Blindside.xcodeproj; sourceTree = "<group>"; };
		1D69F0A81F591C20003765A3 /* Cedar.xcodeproj */ = {isa = PBXFileReference; lastKnownFileType = "wrapper.pb-project"; name = Cedar.xcodeproj; path = cedar/Cedar.xcodeproj; sourceTree = "<group>"; };
		1D69F0E21F591C30003765A3 /* Deferred.xcodeproj */ = {isa = PBXFileReference; lastKnownFileType = "wrapper.pb-project"; name = Deferred.xcodeproj; path = Deferred/Deferred.xcodeproj; sourceTree = "<group>"; };
		1D69F1491F591E65003765A3 /* User.h */ = {isa = PBXFileReference; fileEncoding = 4; lastKnownFileType = sourcecode.c.h; path = User.h; sourceTree = "<group>"; };
		1D69F14A1F591E65003765A3 /* User.m */ = {isa = PBXFileReference; fileEncoding = 4; lastKnownFileType = sourcecode.c.objc; path = User.m; sourceTree = "<group>"; };
		1D69F14C1F591E65003765A3 /* Dependancy.h */ = {isa = PBXFileReference; fileEncoding = 4; lastKnownFileType = sourcecode.c.h; path = Dependancy.h; sourceTree = "<group>"; };
		1D69F14D1F591E65003765A3 /* Dependancy.m */ = {isa = PBXFileReference; fileEncoding = 4; lastKnownFileType = sourcecode.c.objc; path = Dependancy.m; sourceTree = "<group>"; };
		1D69F14F1F591E65003765A3 /* UserServiceDeserializer.h */ = {isa = PBXFileReference; fileEncoding = 4; lastKnownFileType = sourcecode.c.h; path = UserServiceDeserializer.h; sourceTree = "<group>"; };
		1D69F1501F591E65003765A3 /* UserServiceDeserializer.m */ = {isa = PBXFileReference; fileEncoding = 4; lastKnownFileType = sourcecode.c.objc; path = UserServiceDeserializer.m; sourceTree = "<group>"; };
		1D69F1521F591E65003765A3 /* users.json */ = {isa = PBXFileReference; fileEncoding = 4; lastKnownFileType = text.json; path = users.json; sourceTree = "<group>"; };
		1D69F1541F591E65003765A3 /* HTTPClient.h */ = {isa = PBXFileReference; fileEncoding = 4; lastKnownFileType = sourcecode.c.h; path = HTTPClient.h; sourceTree = "<group>"; };
		1D69F1551F591E65003765A3 /* HTTPClient.m */ = {isa = PBXFileReference; fileEncoding = 4; lastKnownFileType = sourcecode.c.objc; path = HTTPClient.m; sourceTree = "<group>"; };
		1D69F1581F591E65003765A3 /* JSONClient.h */ = {isa = PBXFileReference; fileEncoding = 4; lastKnownFileType = sourcecode.c.h; path = JSONClient.h; sourceTree = "<group>"; };
		1D69F1591F591E65003765A3 /* JSONClient.m */ = {isa = PBXFileReference; fileEncoding = 4; lastKnownFileType = sourcecode.c.objc; path = JSONClient.m; sourceTree = "<group>"; };
		1D69F15D1F591E65003765A3 /* InjectorProvider.h */ = {isa = PBXFileReference; fileEncoding = 4; lastKnownFileType = sourcecode.c.h; path = InjectorProvider.h; sourceTree = "<group>"; };
		1D69F15E1F591E65003765A3 /* InjectorProvider.m */ = {isa = PBXFileReference; fileEncoding = 4; lastKnownFileType = sourcecode.c.objc; path = InjectorProvider.m; sourceTree = "<group>"; };
		1D69F15F1F591E65003765A3 /* RequestProvider.h */ = {isa = PBXFileReference; fileEncoding = 4; lastKnownFileType = sourcecode.c.h; path = RequestProvider.h; sourceTree = "<group>"; };
		1D69F1601F591E65003765A3 /* RequestProvider.m */ = {isa = PBXFileReference; fileEncoding = 4; lastKnownFileType = sourcecode.c.objc; path = RequestProvider.m; sourceTree = "<group>"; };
		1D69F1621F591E65003765A3 /* DataRepository.h */ = {isa = PBXFileReference; fileEncoding = 4; lastKnownFileType = sourcecode.c.h; path = DataRepository.h; sourceTree = "<group>"; };
		1D69F1631F591E65003765A3 /* DataRepository.m */ = {isa = PBXFileReference; fileEncoding = 4; lastKnownFileType = sourcecode.c.objc; path = DataRepository.m; sourceTree = "<group>"; };
		1D69F1651F591E65003765A3 /* DetailsViewController.h */ = {isa = PBXFileReference; fileEncoding = 4; lastKnownFileType = sourcecode.c.h; path = DetailsViewController.h; sourceTree = "<group>"; };
		1D69F1661F591E65003765A3 /* DetailsViewController.m */ = {isa = PBXFileReference; fileEncoding = 4; lastKnownFileType = sourcecode.c.objc; path = DetailsViewController.m; sourceTree = "<group>"; };
		1D69F1671F591E65003765A3 /* DetailsViewController.xib */ = {isa = PBXFileReference; fileEncoding = 4; lastKnownFileType = file.xib; path = DetailsViewController.xib; sourceTree = "<group>"; };
		1D69F1681F591E65003765A3 /* ViewController.h */ = {isa = PBXFileReference; fileEncoding = 4; lastKnownFileType = sourcecode.c.h; path = ViewController.h; sourceTree = "<group>"; };
		1D69F1691F591E65003765A3 /* ViewController.m */ = {isa = PBXFileReference; fileEncoding = 4; lastKnownFileType = sourcecode.c.objc; path = ViewController.m; sourceTree = "<group>"; };
		1D69F16A1F591E65003765A3 /* ViewController.xib */ = {isa = PBXFileReference; fileEncoding = 4; lastKnownFileType = file.xib; path = ViewController.xib; sourceTree = "<group>"; };
		1D69F1A11F591EF3003765A3 /* DataRepositorySpec.mm */ = {isa = PBXFileReference; fileEncoding = 4; lastKnownFileType = sourcecode.cpp.objcpp; path = DataRepositorySpec.mm; sourceTree = "<group>"; };
		1D69F1A21F591EF3003765A3 /* DetailsViewControllerSpec.mm */ = {isa = PBXFileReference; fileEncoding = 4; lastKnownFileType = sourcecode.cpp.objcpp; path = DetailsViewControllerSpec.mm; sourceTree = "<group>"; };
		1D69F1A41F591EF3003765A3 /* HTTPClientSpec.mm */ = {isa = PBXFileReference; fileEncoding = 4; lastKnownFileType = sourcecode.cpp.objcpp; path = HTTPClientSpec.mm; sourceTree = "<group>"; };
		1D69F1A51F591EF3003765A3 /* InjectorSpec.mm */ = {isa = PBXFileReference; fileEncoding = 4; lastKnownFileType = sourcecode.cpp.objcpp; path = InjectorSpec.mm; sourceTree = "<group>"; };
		1D69F1A71F591EF3003765A3 /* JSONClientSpec.mm */ = {isa = PBXFileReference; fileEncoding = 4; lastKnownFileType = sourcecode.cpp.objcpp; path = JSONClientSpec.mm; sourceTree = "<group>"; };
		1D69F1A81F591EF3003765A3 /* RequestProviderSpec.mm */ = {isa = PBXFileReference; fileEncoding = 4; lastKnownFileType = sourcecode.cpp.objcpp; path = RequestProviderSpec.mm; sourceTree = "<group>"; };
		1D69F1A91F591EF3003765A3 /* UserServiceDeserializerSpec.mm */ = {isa = PBXFileReference; fileEncoding = 4; lastKnownFileType = sourcecode.cpp.objcpp; path = UserServiceDeserializerSpec.mm; sourceTree = "<group>"; };
		1D69F1AA1F591EF3003765A3 /* ViewControllerSpec.mm */ = {isa = PBXFileReference; fileEncoding = 4; lastKnownFileType = sourcecode.cpp.objcpp; path = ViewControllerSpec.mm; sourceTree = "<group>"; };
		1D69F1B61F591FD7003765A3 /* UIKit.xcodeproj */ = {isa = PBXFileReference; lastKnownFileType = "wrapper.pb-project"; name = UIKit.xcodeproj; path = PivotalCoreKit/UIKit/UIKit.xcodeproj; sourceTree = "<group>"; };
		1D69F1E91F591FF0003765A3 /* Foundation.xcodeproj */ = {isa = PBXFileReference; lastKnownFileType = "wrapper.pb-project"; name = Foundation.xcodeproj; path = PivotalCoreKit/Foundation/Foundation.xcodeproj; sourceTree = "<group>"; };
		1D69F2471F592AD7003765A3 /* AppDelegateSpec.mm */ = {isa = PBXFileReference; fileEncoding = 4; lastKnownFileType = sourcecode.cpp.objcpp; path = AppDelegateSpec.mm; sourceTree = "<group>"; };
		1D69F24A1F592B5A003765A3 /* UIKit.framework */ = {isa = PBXFileReference; lastKnownFileType = wrapper.framework; name = UIKit.framework; path = System/Library/Frameworks/UIKit.framework; sourceTree = SDKROOT; };
		1D69F25B1F592BE3003765A3 /* TravisCISpecs.m */ = {isa = PBXFileReference; lastKnownFileType = sourcecode.c.objc; path = TravisCISpecs.m; sourceTree = "<group>"; };
		1D69F25D1F592BE3003765A3 /* Info.plist */ = {isa = PBXFileReference; lastKnownFileType = text.plist.xml; path = Info.plist; sourceTree = "<group>"; };
		1D69F2631F592C30003765A3 /* XCTest.framework */ = {isa = PBXFileReference; lastKnownFileType = wrapper.framework; name = XCTest.framework; path = Platforms/iPhoneOS.platform/Developer/Library/Frameworks/XCTest.framework; sourceTree = DEVELOPER_DIR; };
		1D69F2AA1F592F2A003765A3 /* New.m */ = {isa = PBXFileReference; fileEncoding = 4; lastKnownFileType = sourcecode.c.objc; path = New.m; sourceTree = "<group>"; };
		1D69F2AC1F59302A003765A3 /* libxml2.tbd */ = {isa = PBXFileReference; lastKnownFileType = "sourcecode.text-based-dylib-definition"; name = libxml2.tbd; path = usr/lib/libxml2.tbd; sourceTree = SDKROOT; };
		1DCB9B4B1F57D32F00C93F6D /* TravisCI.app */ = {isa = PBXFileReference; explicitFileType = wrapper.application; includeInIndex = 0; path = TravisCI.app; sourceTree = BUILT_PRODUCTS_DIR; };
		1DCB9B4F1F57D32F00C93F6D /* main.m */ = {isa = PBXFileReference; lastKnownFileType = sourcecode.c.objc; path = main.m; sourceTree = "<group>"; };
		1DCB9B511F57D32F00C93F6D /* AppDelegate.h */ = {isa = PBXFileReference; lastKnownFileType = sourcecode.c.h; path = AppDelegate.h; sourceTree = "<group>"; };
		1DCB9B521F57D32F00C93F6D /* AppDelegate.m */ = {isa = PBXFileReference; lastKnownFileType = sourcecode.c.objc; path = AppDelegate.m; sourceTree = "<group>"; };
		1DCB9B581F57D32F00C93F6D /* Base */ = {isa = PBXFileReference; lastKnownFileType = file.storyboard; name = Base; path = Base.lproj/Main.storyboard; sourceTree = "<group>"; };
		1DCB9B5A1F57D32F00C93F6D /* Assets.xcassets */ = {isa = PBXFileReference; lastKnownFileType = folder.assetcatalog; path = Assets.xcassets; sourceTree = "<group>"; };
		1DCB9B5D1F57D32F00C93F6D /* Base */ = {isa = PBXFileReference; lastKnownFileType = file.storyboard; name = Base; path = Base.lproj/LaunchScreen.storyboard; sourceTree = "<group>"; };
		1DCB9B5F1F57D32F00C93F6D /* Info.plist */ = {isa = PBXFileReference; lastKnownFileType = text.plist.xml; path = Info.plist; sourceTree = "<group>"; };
		1DCB9B641F57D32F00C93F6D /* TravisCITests.xctest */ = {isa = PBXFileReference; explicitFileType = wrapper.cfbundle; includeInIndex = 0; path = TravisCITests.xctest; sourceTree = BUILT_PRODUCTS_DIR; };
		1DCB9B6A1F57D32F00C93F6D /* Info.plist */ = {isa = PBXFileReference; lastKnownFileType = text.plist.xml; path = Info.plist; sourceTree = "<group>"; };
/* End PBXFileReference section */

/* Begin PBXFrameworksBuildPhase section */
		1DCB9B481F57D32F00C93F6D /* Frameworks */ = {
			isa = PBXFrameworksBuildPhase;
			buildActionMask = 2147483647;
			files = (
				1D69F1071F591C40003765A3 /* libDeferred.a in Frameworks */,
				1D69F1061F591C3C003765A3 /* libBlindside-StaticLib.a in Frameworks */,
			);
			runOnlyForDeploymentPostprocessing = 0;
		};
		1DCB9B611F57D32F00C93F6D /* Frameworks */ = {
			isa = PBXFrameworksBuildPhase;
			buildActionMask = 2147483647;
			files = (
				1D69F2AD1F59302A003765A3 /* libxml2.tbd in Frameworks */,
				1D69F24B1F592B5A003765A3 /* UIKit.framework in Frameworks */,
				1D69F21D1F592030003765A3 /* libFoundation+PivotalCore-StaticLib.a in Frameworks */,
				1D69F21E1F592030003765A3 /* libFoundation+PivotalSpecHelper-StaticLib.a in Frameworks */,
				1D69F21F1F592030003765A3 /* libUIKit+PivotalCore-StaticLib.a in Frameworks */,
				1D69F2201F592030003765A3 /* libUIKit+PivotalSpecHelper-StaticLib.a in Frameworks */,
				1D69F2211F592030003765A3 /* libUIKit+PivotalSpecHelperStubs-StaticLib.a in Frameworks */,
				1D69F1111F591D57003765A3 /* libDeferred.a in Frameworks */,
				1D69F1101F591D53003765A3 /* libBlindside-StaticLib.a in Frameworks */,
				1D69F10B1F591D2E003765A3 /* libCedar.a in Frameworks */,
			);
			runOnlyForDeploymentPostprocessing = 0;
		};
/* End PBXFrameworksBuildPhase section */

/* Begin PBXGroup section */
		1D69F0841F591BF9003765A3 /* Externals */ = {
			isa = PBXGroup;
			children = (
				1D69F1E91F591FF0003765A3 /* Foundation.xcodeproj */,
				1D69F1B61F591FD7003765A3 /* UIKit.xcodeproj */,
				1D69F0E21F591C30003765A3 /* Deferred.xcodeproj */,
				1D69F0A81F591C20003765A3 /* Cedar.xcodeproj */,
				1D69F0851F591C14003765A3 /* Blindside.xcodeproj */,
			);
			path = Externals;
			sourceTree = "<group>";
		};
		1D69F0861F591C14003765A3 /* Products */ = {
			isa = PBXGroup;
			children = (
				1D69F0951F591C14003765A3 /* Blindside.framework */,
				1D69F0971F591C14003765A3 /* Blindside.framework */,
				1D69F0991F591C14003765A3 /* Blindside.framework */,
				1D69F09B1F591C14003765A3 /* Blindside.framework */,
				1D69F09D1F591C14003765A3 /* libBlindside-StaticLib.a */,
				1D69F09F1F591C14003765A3 /* Specs */,
				1D69F0A11F591C14003765A3 /* Blindside-iOS BuildTest.app */,
				1D69F0A31F591C14003765A3 /* Blindside-watchOS BuildTest.app */,
				1D69F0A51F591C14003765A3 /* Blindside-watchOS BuildTest Extension.appex */,
				1D69F0A71F591C14003765A3 /* Blindside-tvOS BuildTest.app */,
			);
			name = Products;
			sourceTree = "<group>";
		};
		1D69F0A91F591C20003765A3 /* Products */ = {
			isa = PBXGroup;
			children = (
				1D69F0BF1F591C20003765A3 /* Cedar.framework */,
				1D69F0C11F591C20003765A3 /* Cedar.framework */,
				1D69F0C31F591C20003765A3 /* Cedar.framework */,
				1D69F0C51F591C20003765A3 /* Cedar.framework */,
				1D69F0C71F591C20003765A3 /* libCedar.a */,
				1D69F0C91F591C20003765A3 /* Cedar-OSX Specs */,
				1D69F0CB1F591C20003765A3 /* Cedar-OSX FocusedSpecs */,
				1D69F0CD1F591C20003765A3 /* Cedar-iOS Specs.app */,
				1D69F0CF1F591C20003765A3 /* Cedar-iOS StaticLib Specs.app */,
				1D69F0D11F591C20003765A3 /* Cedar-iOS StaticFrameworkSpecs.app */,
				1D69F0D31F591C20003765A3 /* Cedar-OSX HostApp.app */,
				1D69F0D51F591C20003765A3 /* Cedar-iOS HostApp.app */,
				1D69F0D71F591C20003765A3 /* Cedar-watchOS HostApp.app */,
				1D69F0D91F591C20003765A3 /* Cedar-OSX SpecBundle.xctest */,
				1D69F0DB1F591C20003765A3 /* Cedar-iOS SpecBundle.xctest */,
				1D69F0DD1F591C20003765A3 /* Cedar-watchOS Specs.app */,
				1D69F0DF1F591C20003765A3 /* Cedar-watchOS Specs Extension.appex */,
				1D69F0E11F591C20003765A3 /* Cedar-tvOS SpecBundle.xctest */,
			);
			name = Products;
			sourceTree = "<group>";
		};
		1D69F0E31F591C30003765A3 /* Products */ = {
			isa = PBXGroup;
			children = (
				1D69F0F11F591C30003765A3 /* libDeferred.a */,
				1D69F0F31F591C30003765A3 /* libDeferred-OSX.a */,
				1D69F0F51F591C30003765A3 /* libDeferred-watchOS.a */,
				1D69F0F71F591C30003765A3 /* libDeferred-tvOS.a */,
				1D69F0F91F591C30003765A3 /* KSDeferred.framework */,
				1D69F0FB1F591C30003765A3 /* KSDeferred.framework */,
				1D69F0FD1F591C30003765A3 /* KSDeferred.framework */,
				1D69F0FF1F591C30003765A3 /* KSDeferred.framework */,
				1D69F1011F591C30003765A3 /* Deferred-iOSSpecs.xctest */,
				1D69F1031F591C30003765A3 /* Deferred-OSXSpecs.xctest */,
				1D69F1051F591C30003765A3 /* Deferred-tvOSSpecs.xctest */,
			);
			name = Products;
			sourceTree = "<group>";
		};
		1D69F1481F591E65003765A3 /* DataObjects */ = {
			isa = PBXGroup;
			children = (
				1D69F1491F591E65003765A3 /* User.h */,
				1D69F14A1F591E65003765A3 /* User.m */,
			);
			path = DataObjects;
			sourceTree = "<group>";
		};
		1D69F14B1F591E65003765A3 /* Dependancy Injection */ = {
			isa = PBXGroup;
			children = (
				1D69F14C1F591E65003765A3 /* Dependancy.h */,
				1D69F14D1F591E65003765A3 /* Dependancy.m */,
			);
			path = "Dependancy Injection";
			sourceTree = "<group>";
		};
		1D69F14E1F591E65003765A3 /* Deserializer */ = {
			isa = PBXGroup;
			children = (
				1D69F14F1F591E65003765A3 /* UserServiceDeserializer.h */,
				1D69F1501F591E65003765A3 /* UserServiceDeserializer.m */,
			);
			path = Deserializer;
			sourceTree = "<group>";
		};
		1D69F1511F591E65003765A3 /* Fixtures */ = {
			isa = PBXGroup;
			children = (
				1D69F1521F591E65003765A3 /* users.json */,
			);
			path = Fixtures;
			sourceTree = "<group>";
		};
		1D69F1531F591E65003765A3 /* Network */ = {
			isa = PBXGroup;
			children = (
				1D69F1541F591E65003765A3 /* HTTPClient.h */,
				1D69F1551F591E65003765A3 /* HTTPClient.m */,
				1D69F1581F591E65003765A3 /* JSONClient.h */,
				1D69F1591F591E65003765A3 /* JSONClient.m */,
			);
			path = Network;
			sourceTree = "<group>";
		};
		1D69F15C1F591E65003765A3 /* Providers */ = {
			isa = PBXGroup;
			children = (
				1D69F15D1F591E65003765A3 /* InjectorProvider.h */,
				1D69F15E1F591E65003765A3 /* InjectorProvider.m */,
				1D69F15F1F591E65003765A3 /* RequestProvider.h */,
				1D69F1601F591E65003765A3 /* RequestProvider.m */,
			);
			path = Providers;
			sourceTree = "<group>";
		};
		1D69F1611F591E65003765A3 /* Repository */ = {
			isa = PBXGroup;
			children = (
				1D69F1621F591E65003765A3 /* DataRepository.h */,
				1D69F1631F591E65003765A3 /* DataRepository.m */,
			);
			path = Repository;
			sourceTree = "<group>";
		};
		1D69F1641F591E65003765A3 /* ViewControllers */ = {
			isa = PBXGroup;
			children = (
				1D69F1651F591E65003765A3 /* DetailsViewController.h */,
				1D69F1661F591E65003765A3 /* DetailsViewController.m */,
				1D69F1671F591E65003765A3 /* DetailsViewController.xib */,
				1D69F1681F591E65003765A3 /* ViewController.h */,
				1D69F1691F591E65003765A3 /* ViewController.m */,
				1D69F16A1F591E65003765A3 /* ViewController.xib */,
			);
			path = ViewControllers;
			sourceTree = "<group>";
		};
		1D69F1B71F591FD7003765A3 /* Products */ = {
			isa = PBXGroup;
			children = (
				1D69F1CC1F591FD8003765A3 /* libUIKit+PivotalCore-StaticLib.a */,
				1D69F1CE1F591FD8003765A3 /* libUIKit+PivotalSpecHelper-StaticLib.a */,
				1D69F1D01F591FD8003765A3 /* libUIKit+PivotalSpecHelperStubs-StaticLib.a */,
				1D69F1D21F591FD8003765A3 /* UIKit_PivotalCore.framework */,
				1D69F1D41F591FD8003765A3 /* UIKit_PivotalCore.framework */,
				1D69F1D61F591FD8003765A3 /* UIKit_PivotalSpecHelper.framework */,
				1D69F1D81F591FD8003765A3 /* UIKit_PivotalSpecHelper.framework */,
				1D69F1DA1F591FD8003765A3 /* UIKit_PivotalSpecHelperStubs.framework */,
				1D69F1DC1F591FD8003765A3 /* UIKit_PivotalSpecHelperStubs.framework */,
				1D69F1DE1F591FD8003765A3 /* UIKit-StaticLibSpec.app */,
				1D69F1E01F591FD8003765A3 /* UIKit-StaticLibSpecBundle.xctest */,
				1D69F1E21F591FD8003765A3 /* UIKit-tvOS SpecHost.app */,
				1D69F1E41F591FD8003765A3 /* UIKit-tvOS SpecBundle.xctest */,
				1D69F1E61F591FD8003765A3 /* UIKit-iOS SpecHost.app */,
				1D69F1E81F591FD8003765A3 /* UIKit-iOS SpecBundle.xctest */,
			);
			name = Products;
			sourceTree = "<group>";
		};
		1D69F1EA1F591FF0003765A3 /* Products */ = {
			isa = PBXGroup;
			children = (
				1D69F2001F591FF0003765A3 /* Foundation+PivotalCore.framework */,
				1D69F2021F591FF0003765A3 /* libFoundation+PivotalCore-StaticLib.a */,
				1D69F2041F591FF0003765A3 /* Foundation_PivotalCore.framework */,
				1D69F2061F591FF0003765A3 /* Foundation_PivotalCore.framework */,
				1D69F2081F591FF0003765A3 /* Foundation_PivotalCore.framework */,
				1D69F20A1F591FF0003765A3 /* Foundation+PivotalSpecHelper.framework */,
				1D69F20C1F591FF0003765A3 /* libFoundation+PivotalSpecHelper-StaticLib.a */,
				1D69F20E1F591FF0003765A3 /* Foundation_PivotalSpecHelper.framework */,
				1D69F2101F591FF0003765A3 /* Foundation_PivotalSpecHelper.framework */,
				1D69F2121F591FF0003765A3 /* Foundation_PivotalSpecHelper.framework */,
				1D69F2141F591FF0003765A3 /* FoundationSpec */,
				1D69F2161F591FF0003765A3 /* Foundation-StaticLibSpec.app */,
				1D69F2181F591FF0003765A3 /* Foundation-StaticLibSpecBundle.xctest */,
				1D69F21A1F591FF0003765A3 /* Foundation-tvOS SpecBundle.xctest */,
				1D69F21C1F591FF0003765A3 /* Foundation+PivotalCore-iOS-DynamicTests.xctest */,
			);
			name = Products;
			sourceTree = "<group>";
		};
		1D69F2491F592B5A003765A3 /* Frameworks */ = {
			isa = PBXGroup;
			children = (
				1D69F2AC1F59302A003765A3 /* libxml2.tbd */,
				1D69F2631F592C30003765A3 /* XCTest.framework */,
				1D69F24A1F592B5A003765A3 /* UIKit.framework */,
			);
			name = Frameworks;
			sourceTree = "<group>";
		};
		1D69F25A1F592BE3003765A3 /* TravisCISpecs */ = {
			isa = PBXGroup;
			children = (
				1D69F25B1F592BE3003765A3 /* TravisCISpecs.m */,
				1D69F25D1F592BE3003765A3 /* Info.plist */,
			);
			path = TravisCISpecs;
			sourceTree = "<group>";
		};
		1DCB9B421F57D32F00C93F6D = {
			isa = PBXGroup;
			children = (
				1D69F0841F591BF9003765A3 /* Externals */,
				1DCB9B4D1F57D32F00C93F6D /* TravisCI */,
				1DCB9B671F57D32F00C93F6D /* TravisCITests */,
				1D69F25A1F592BE3003765A3 /* TravisCISpecs */,
				1DCB9B4C1F57D32F00C93F6D /* Products */,
				1D69F2491F592B5A003765A3 /* Frameworks */,
			);
			sourceTree = "<group>";
		};
		1DCB9B4C1F57D32F00C93F6D /* Products */ = {
			isa = PBXGroup;
			children = (
				1DCB9B4B1F57D32F00C93F6D /* TravisCI.app */,
				1DCB9B641F57D32F00C93F6D /* TravisCITests.xctest */,
			);
			name = Products;
			sourceTree = "<group>";
		};
		1DCB9B4D1F57D32F00C93F6D /* TravisCI */ = {
			isa = PBXGroup;
			children = (
				1D69F1481F591E65003765A3 /* DataObjects */,
				1D69F14B1F591E65003765A3 /* Dependancy Injection */,
				1D69F14E1F591E65003765A3 /* Deserializer */,
				1D69F1511F591E65003765A3 /* Fixtures */,
				1D69F1531F591E65003765A3 /* Network */,
				1D69F15C1F591E65003765A3 /* Providers */,
				1D69F1611F591E65003765A3 /* Repository */,
				1D69F1641F591E65003765A3 /* ViewControllers */,
				1DCB9B511F57D32F00C93F6D /* AppDelegate.h */,
				1DCB9B521F57D32F00C93F6D /* AppDelegate.m */,
				1DCB9B571F57D32F00C93F6D /* Main.storyboard */,
				1DCB9B5A1F57D32F00C93F6D /* Assets.xcassets */,
				1DCB9B5C1F57D32F00C93F6D /* LaunchScreen.storyboard */,
				1DCB9B5F1F57D32F00C93F6D /* Info.plist */,
				1DCB9B4E1F57D32F00C93F6D /* Supporting Files */,
			);
			path = TravisCI;
			sourceTree = "<group>";
		};
		1DCB9B4E1F57D32F00C93F6D /* Supporting Files */ = {
			isa = PBXGroup;
			children = (
				1DCB9B4F1F57D32F00C93F6D /* main.m */,
			);
			name = "Supporting Files";
			sourceTree = "<group>";
		};
		1DCB9B671F57D32F00C93F6D /* TravisCITests */ = {
			isa = PBXGroup;
			children = (
				1D69F1A11F591EF3003765A3 /* DataRepositorySpec.mm */,
				1D69F1A21F591EF3003765A3 /* DetailsViewControllerSpec.mm */,
				1D69F1A41F591EF3003765A3 /* HTTPClientSpec.mm */,
				1D69F1A51F591EF3003765A3 /* InjectorSpec.mm */,
				1D69F1A71F591EF3003765A3 /* JSONClientSpec.mm */,
				1D69F1A81F591EF3003765A3 /* RequestProviderSpec.mm */,
				1D69F1A91F591EF3003765A3 /* UserServiceDeserializerSpec.mm */,
				1D69F1AA1F591EF3003765A3 /* ViewControllerSpec.mm */,
				1DCB9B6A1F57D32F00C93F6D /* Info.plist */,
				1D69F2471F592AD7003765A3 /* AppDelegateSpec.mm */,
				1D69F2AA1F592F2A003765A3 /* New.m */,
			);
			path = TravisCITests;
			sourceTree = "<group>";
		};
/* End PBXGroup section */

/* Begin PBXNativeTarget section */
		1DCB9B4A1F57D32F00C93F6D /* TravisCI */ = {
			isa = PBXNativeTarget;
			buildConfigurationList = 1DCB9B6D1F57D32F00C93F6D /* Build configuration list for PBXNativeTarget "TravisCI" */;
			buildPhases = (
				1DCB9B471F57D32F00C93F6D /* Sources */,
				1DCB9B481F57D32F00C93F6D /* Frameworks */,
				1DCB9B491F57D32F00C93F6D /* Resources */,
			);
			buildRules = (
			);
			dependencies = (
				1D69F2251F5920D1003765A3 /* PBXTargetDependency */,
				1D69F2231F5920C8003765A3 /* PBXTargetDependency */,
			);
			name = TravisCI;
			productName = TravisCI;
			productReference = 1DCB9B4B1F57D32F00C93F6D /* TravisCI.app */;
			productType = "com.apple.product-type.application";
		};
		1DCB9B631F57D32F00C93F6D /* TravisCITests */ = {
			isa = PBXNativeTarget;
			buildConfigurationList = 1DCB9B701F57D32F00C93F6D /* Build configuration list for PBXNativeTarget "TravisCITests" */;
			buildPhases = (
				1DCB9B601F57D32F00C93F6D /* Sources */,
				1DCB9B611F57D32F00C93F6D /* Frameworks */,
				1DCB9B621F57D32F00C93F6D /* Resources */,
			);
			buildRules = (
			);
			dependencies = (
				1D69F10F1F591D4C003765A3 /* PBXTargetDependency */,
				1D69F10D1F591D47003765A3 /* PBXTargetDependency */,
				1D69F10A1F591D1B003765A3 /* PBXTargetDependency */,
				1DCB9B661F57D32F00C93F6D /* PBXTargetDependency */,
			);
			name = TravisCITests;
			productName = TravisCITests;
			productReference = 1DCB9B641F57D32F00C93F6D /* TravisCITests.xctest */;
			productType = "com.apple.product-type.bundle.unit-test";
		};
/* End PBXNativeTarget section */

/* Begin PBXProject section */
		1DCB9B431F57D32F00C93F6D /* Project object */ = {
			isa = PBXProject;
			attributes = {
				LastUpgradeCheck = 0830;
				ORGANIZATIONNAME = "Ullas ML";
				TargetAttributes = {
					1DCB9B4A1F57D32F00C93F6D = {
						CreatedOnToolsVersion = 8.3.3;
						ProvisioningStyle = Automatic;
					};
					1DCB9B631F57D32F00C93F6D = {
						CreatedOnToolsVersion = 8.3.3;
						ProvisioningStyle = Automatic;
						TestTargetID = 1DCB9B4A1F57D32F00C93F6D;
					};
				};
			};
			buildConfigurationList = 1DCB9B461F57D32F00C93F6D /* Build configuration list for PBXProject "TravisCI" */;
			compatibilityVersion = "Xcode 3.2";
			developmentRegion = English;
			hasScannedForEncodings = 0;
			knownRegions = (
				en,
				Base,
			);
			mainGroup = 1DCB9B421F57D32F00C93F6D;
			productRefGroup = 1DCB9B4C1F57D32F00C93F6D /* Products */;
			projectDirPath = "";
			projectReferences = (
				{
					ProductGroup = 1D69F0861F591C14003765A3 /* Products */;
					ProjectRef = 1D69F0851F591C14003765A3 /* Blindside.xcodeproj */;
				},
				{
					ProductGroup = 1D69F0A91F591C20003765A3 /* Products */;
					ProjectRef = 1D69F0A81F591C20003765A3 /* Cedar.xcodeproj */;
				},
				{
					ProductGroup = 1D69F0E31F591C30003765A3 /* Products */;
					ProjectRef = 1D69F0E21F591C30003765A3 /* Deferred.xcodeproj */;
				},
				{
					ProductGroup = 1D69F1EA1F591FF0003765A3 /* Products */;
					ProjectRef = 1D69F1E91F591FF0003765A3 /* Foundation.xcodeproj */;
				},
				{
					ProductGroup = 1D69F1B71F591FD7003765A3 /* Products */;
					ProjectRef = 1D69F1B61F591FD7003765A3 /* UIKit.xcodeproj */;
				},
			);
			projectRoot = "";
			targets = (
				1DCB9B4A1F57D32F00C93F6D /* TravisCI */,
				1DCB9B631F57D32F00C93F6D /* TravisCITests */,
			);
		};
/* End PBXProject section */

/* Begin PBXReferenceProxy section */
		1D69F0951F591C14003765A3 /* Blindside.framework */ = {
			isa = PBXReferenceProxy;
			fileType = wrapper.framework;
			path = Blindside.framework;
			remoteRef = 1D69F0941F591C14003765A3 /* PBXContainerItemProxy */;
			sourceTree = BUILT_PRODUCTS_DIR;
		};
		1D69F0971F591C14003765A3 /* Blindside.framework */ = {
			isa = PBXReferenceProxy;
			fileType = wrapper.framework;
			path = Blindside.framework;
			remoteRef = 1D69F0961F591C14003765A3 /* PBXContainerItemProxy */;
			sourceTree = BUILT_PRODUCTS_DIR;
		};
		1D69F0991F591C14003765A3 /* Blindside.framework */ = {
			isa = PBXReferenceProxy;
			fileType = wrapper.framework;
			path = Blindside.framework;
			remoteRef = 1D69F0981F591C14003765A3 /* PBXContainerItemProxy */;
			sourceTree = BUILT_PRODUCTS_DIR;
		};
		1D69F09B1F591C14003765A3 /* Blindside.framework */ = {
			isa = PBXReferenceProxy;
			fileType = wrapper.framework;
			path = Blindside.framework;
			remoteRef = 1D69F09A1F591C14003765A3 /* PBXContainerItemProxy */;
			sourceTree = BUILT_PRODUCTS_DIR;
		};
		1D69F09D1F591C14003765A3 /* libBlindside-StaticLib.a */ = {
			isa = PBXReferenceProxy;
			fileType = archive.ar;
			path = "libBlindside-StaticLib.a";
			remoteRef = 1D69F09C1F591C14003765A3 /* PBXContainerItemProxy */;
			sourceTree = BUILT_PRODUCTS_DIR;
		};
		1D69F09F1F591C14003765A3 /* Specs */ = {
			isa = PBXReferenceProxy;
			fileType = "compiled.mach-o.executable";
			path = Specs;
			remoteRef = 1D69F09E1F591C14003765A3 /* PBXContainerItemProxy */;
			sourceTree = BUILT_PRODUCTS_DIR;
		};
		1D69F0A11F591C14003765A3 /* Blindside-iOS BuildTest.app */ = {
			isa = PBXReferenceProxy;
			fileType = wrapper.application;
			path = "Blindside-iOS BuildTest.app";
			remoteRef = 1D69F0A01F591C14003765A3 /* PBXContainerItemProxy */;
			sourceTree = BUILT_PRODUCTS_DIR;
		};
		1D69F0A31F591C14003765A3 /* Blindside-watchOS BuildTest.app */ = {
			isa = PBXReferenceProxy;
			fileType = wrapper.application;
			path = "Blindside-watchOS BuildTest.app";
			remoteRef = 1D69F0A21F591C14003765A3 /* PBXContainerItemProxy */;
			sourceTree = BUILT_PRODUCTS_DIR;
		};
		1D69F0A51F591C14003765A3 /* Blindside-watchOS BuildTest Extension.appex */ = {
			isa = PBXReferenceProxy;
			fileType = "wrapper.app-extension";
			path = "Blindside-watchOS BuildTest Extension.appex";
			remoteRef = 1D69F0A41F591C14003765A3 /* PBXContainerItemProxy */;
			sourceTree = BUILT_PRODUCTS_DIR;
		};
		1D69F0A71F591C14003765A3 /* Blindside-tvOS BuildTest.app */ = {
			isa = PBXReferenceProxy;
			fileType = wrapper.application;
			path = "Blindside-tvOS BuildTest.app";
			remoteRef = 1D69F0A61F591C14003765A3 /* PBXContainerItemProxy */;
			sourceTree = BUILT_PRODUCTS_DIR;
		};
		1D69F0BF1F591C20003765A3 /* Cedar.framework */ = {
			isa = PBXReferenceProxy;
			fileType = wrapper.framework;
			path = Cedar.framework;
			remoteRef = 1D69F0BE1F591C20003765A3 /* PBXContainerItemProxy */;
			sourceTree = BUILT_PRODUCTS_DIR;
		};
		1D69F0C11F591C20003765A3 /* Cedar.framework */ = {
			isa = PBXReferenceProxy;
			fileType = wrapper.framework;
			path = Cedar.framework;
			remoteRef = 1D69F0C01F591C20003765A3 /* PBXContainerItemProxy */;
			sourceTree = BUILT_PRODUCTS_DIR;
		};
		1D69F0C31F591C20003765A3 /* Cedar.framework */ = {
			isa = PBXReferenceProxy;
			fileType = wrapper.framework;
			path = Cedar.framework;
			remoteRef = 1D69F0C21F591C20003765A3 /* PBXContainerItemProxy */;
			sourceTree = BUILT_PRODUCTS_DIR;
		};
		1D69F0C51F591C20003765A3 /* Cedar.framework */ = {
			isa = PBXReferenceProxy;
			fileType = wrapper.framework;
			path = Cedar.framework;
			remoteRef = 1D69F0C41F591C20003765A3 /* PBXContainerItemProxy */;
			sourceTree = BUILT_PRODUCTS_DIR;
		};
		1D69F0C71F591C20003765A3 /* libCedar.a */ = {
			isa = PBXReferenceProxy;
			fileType = archive.ar;
			path = libCedar.a;
			remoteRef = 1D69F0C61F591C20003765A3 /* PBXContainerItemProxy */;
			sourceTree = BUILT_PRODUCTS_DIR;
		};
		1D69F0C91F591C20003765A3 /* Cedar-OSX Specs */ = {
			isa = PBXReferenceProxy;
			fileType = "compiled.mach-o.executable";
			path = "Cedar-OSX Specs";
			remoteRef = 1D69F0C81F591C20003765A3 /* PBXContainerItemProxy */;
			sourceTree = BUILT_PRODUCTS_DIR;
		};
		1D69F0CB1F591C20003765A3 /* Cedar-OSX FocusedSpecs */ = {
			isa = PBXReferenceProxy;
			fileType = "compiled.mach-o.executable";
			path = "Cedar-OSX FocusedSpecs";
			remoteRef = 1D69F0CA1F591C20003765A3 /* PBXContainerItemProxy */;
			sourceTree = BUILT_PRODUCTS_DIR;
		};
		1D69F0CD1F591C20003765A3 /* Cedar-iOS Specs.app */ = {
			isa = PBXReferenceProxy;
			fileType = wrapper.application;
			path = "Cedar-iOS Specs.app";
			remoteRef = 1D69F0CC1F591C20003765A3 /* PBXContainerItemProxy */;
			sourceTree = BUILT_PRODUCTS_DIR;
		};
		1D69F0CF1F591C20003765A3 /* Cedar-iOS StaticLib Specs.app */ = {
			isa = PBXReferenceProxy;
			fileType = wrapper.application;
			path = "Cedar-iOS StaticLib Specs.app";
			remoteRef = 1D69F0CE1F591C20003765A3 /* PBXContainerItemProxy */;
			sourceTree = BUILT_PRODUCTS_DIR;
		};
		1D69F0D11F591C20003765A3 /* Cedar-iOS StaticFrameworkSpecs.app */ = {
			isa = PBXReferenceProxy;
			fileType = wrapper.application;
			path = "Cedar-iOS StaticFrameworkSpecs.app";
			remoteRef = 1D69F0D01F591C20003765A3 /* PBXContainerItemProxy */;
			sourceTree = BUILT_PRODUCTS_DIR;
		};
		1D69F0D31F591C20003765A3 /* Cedar-OSX HostApp.app */ = {
			isa = PBXReferenceProxy;
			fileType = wrapper.application;
			path = "Cedar-OSX HostApp.app";
			remoteRef = 1D69F0D21F591C20003765A3 /* PBXContainerItemProxy */;
			sourceTree = BUILT_PRODUCTS_DIR;
		};
		1D69F0D51F591C20003765A3 /* Cedar-iOS HostApp.app */ = {
			isa = PBXReferenceProxy;
			fileType = wrapper.application;
			path = "Cedar-iOS HostApp.app";
			remoteRef = 1D69F0D41F591C20003765A3 /* PBXContainerItemProxy */;
			sourceTree = BUILT_PRODUCTS_DIR;
		};
		1D69F0D71F591C20003765A3 /* Cedar-watchOS HostApp.app */ = {
			isa = PBXReferenceProxy;
			fileType = wrapper.application;
			path = "Cedar-watchOS HostApp.app";
			remoteRef = 1D69F0D61F591C20003765A3 /* PBXContainerItemProxy */;
			sourceTree = BUILT_PRODUCTS_DIR;
		};
		1D69F0D91F591C20003765A3 /* Cedar-OSX SpecBundle.xctest */ = {
			isa = PBXReferenceProxy;
			fileType = wrapper.cfbundle;
			path = "Cedar-OSX SpecBundle.xctest";
			remoteRef = 1D69F0D81F591C20003765A3 /* PBXContainerItemProxy */;
			sourceTree = BUILT_PRODUCTS_DIR;
		};
		1D69F0DB1F591C20003765A3 /* Cedar-iOS SpecBundle.xctest */ = {
			isa = PBXReferenceProxy;
			fileType = wrapper.cfbundle;
			path = "Cedar-iOS SpecBundle.xctest";
			remoteRef = 1D69F0DA1F591C20003765A3 /* PBXContainerItemProxy */;
			sourceTree = BUILT_PRODUCTS_DIR;
		};
		1D69F0DD1F591C20003765A3 /* Cedar-watchOS Specs.app */ = {
			isa = PBXReferenceProxy;
			fileType = wrapper.application;
			path = "Cedar-watchOS Specs.app";
			remoteRef = 1D69F0DC1F591C20003765A3 /* PBXContainerItemProxy */;
			sourceTree = BUILT_PRODUCTS_DIR;
		};
		1D69F0DF1F591C20003765A3 /* Cedar-watchOS Specs Extension.appex */ = {
			isa = PBXReferenceProxy;
			fileType = "wrapper.app-extension";
			path = "Cedar-watchOS Specs Extension.appex";
			remoteRef = 1D69F0DE1F591C20003765A3 /* PBXContainerItemProxy */;
			sourceTree = BUILT_PRODUCTS_DIR;
		};
		1D69F0E11F591C20003765A3 /* Cedar-tvOS SpecBundle.xctest */ = {
			isa = PBXReferenceProxy;
			fileType = wrapper.cfbundle;
			path = "Cedar-tvOS SpecBundle.xctest";
			remoteRef = 1D69F0E01F591C20003765A3 /* PBXContainerItemProxy */;
			sourceTree = BUILT_PRODUCTS_DIR;
		};
		1D69F0F11F591C30003765A3 /* libDeferred.a */ = {
			isa = PBXReferenceProxy;
			fileType = archive.ar;
			path = libDeferred.a;
			remoteRef = 1D69F0F01F591C30003765A3 /* PBXContainerItemProxy */;
			sourceTree = BUILT_PRODUCTS_DIR;
		};
		1D69F0F31F591C30003765A3 /* libDeferred-OSX.a */ = {
			isa = PBXReferenceProxy;
			fileType = archive.ar;
			path = "libDeferred-OSX.a";
			remoteRef = 1D69F0F21F591C30003765A3 /* PBXContainerItemProxy */;
			sourceTree = BUILT_PRODUCTS_DIR;
		};
		1D69F0F51F591C30003765A3 /* libDeferred-watchOS.a */ = {
			isa = PBXReferenceProxy;
			fileType = archive.ar;
			path = "libDeferred-watchOS.a";
			remoteRef = 1D69F0F41F591C30003765A3 /* PBXContainerItemProxy */;
			sourceTree = BUILT_PRODUCTS_DIR;
		};
		1D69F0F71F591C30003765A3 /* libDeferred-tvOS.a */ = {
			isa = PBXReferenceProxy;
			fileType = archive.ar;
			path = "libDeferred-tvOS.a";
			remoteRef = 1D69F0F61F591C30003765A3 /* PBXContainerItemProxy */;
			sourceTree = BUILT_PRODUCTS_DIR;
		};
		1D69F0F91F591C30003765A3 /* KSDeferred.framework */ = {
			isa = PBXReferenceProxy;
			fileType = wrapper.framework;
			path = KSDeferred.framework;
			remoteRef = 1D69F0F81F591C30003765A3 /* PBXContainerItemProxy */;
			sourceTree = BUILT_PRODUCTS_DIR;
		};
		1D69F0FB1F591C30003765A3 /* KSDeferred.framework */ = {
			isa = PBXReferenceProxy;
			fileType = wrapper.framework;
			path = KSDeferred.framework;
			remoteRef = 1D69F0FA1F591C30003765A3 /* PBXContainerItemProxy */;
			sourceTree = BUILT_PRODUCTS_DIR;
		};
		1D69F0FD1F591C30003765A3 /* KSDeferred.framework */ = {
			isa = PBXReferenceProxy;
			fileType = wrapper.framework;
			path = KSDeferred.framework;
			remoteRef = 1D69F0FC1F591C30003765A3 /* PBXContainerItemProxy */;
			sourceTree = BUILT_PRODUCTS_DIR;
		};
		1D69F0FF1F591C30003765A3 /* KSDeferred.framework */ = {
			isa = PBXReferenceProxy;
			fileType = wrapper.framework;
			path = KSDeferred.framework;
			remoteRef = 1D69F0FE1F591C30003765A3 /* PBXContainerItemProxy */;
			sourceTree = BUILT_PRODUCTS_DIR;
		};
		1D69F1011F591C30003765A3 /* Deferred-iOSSpecs.xctest */ = {
			isa = PBXReferenceProxy;
			fileType = wrapper.cfbundle;
			path = "Deferred-iOSSpecs.xctest";
			remoteRef = 1D69F1001F591C30003765A3 /* PBXContainerItemProxy */;
			sourceTree = BUILT_PRODUCTS_DIR;
		};
		1D69F1031F591C30003765A3 /* Deferred-OSXSpecs.xctest */ = {
			isa = PBXReferenceProxy;
			fileType = wrapper.cfbundle;
			path = "Deferred-OSXSpecs.xctest";
			remoteRef = 1D69F1021F591C30003765A3 /* PBXContainerItemProxy */;
			sourceTree = BUILT_PRODUCTS_DIR;
		};
		1D69F1051F591C30003765A3 /* Deferred-tvOSSpecs.xctest */ = {
			isa = PBXReferenceProxy;
			fileType = wrapper.cfbundle;
			path = "Deferred-tvOSSpecs.xctest";
			remoteRef = 1D69F1041F591C30003765A3 /* PBXContainerItemProxy */;
			sourceTree = BUILT_PRODUCTS_DIR;
		};
		1D69F1CC1F591FD8003765A3 /* libUIKit+PivotalCore-StaticLib.a */ = {
			isa = PBXReferenceProxy;
			fileType = archive.ar;
			path = "libUIKit+PivotalCore-StaticLib.a";
			remoteRef = 1D69F1CB1F591FD8003765A3 /* PBXContainerItemProxy */;
			sourceTree = BUILT_PRODUCTS_DIR;
		};
		1D69F1CE1F591FD8003765A3 /* libUIKit+PivotalSpecHelper-StaticLib.a */ = {
			isa = PBXReferenceProxy;
			fileType = archive.ar;
			path = "libUIKit+PivotalSpecHelper-StaticLib.a";
			remoteRef = 1D69F1CD1F591FD8003765A3 /* PBXContainerItemProxy */;
			sourceTree = BUILT_PRODUCTS_DIR;
		};
		1D69F1D01F591FD8003765A3 /* libUIKit+PivotalSpecHelperStubs-StaticLib.a */ = {
			isa = PBXReferenceProxy;
			fileType = archive.ar;
			path = "libUIKit+PivotalSpecHelperStubs-StaticLib.a";
			remoteRef = 1D69F1CF1F591FD8003765A3 /* PBXContainerItemProxy */;
			sourceTree = BUILT_PRODUCTS_DIR;
		};
		1D69F1D21F591FD8003765A3 /* UIKit_PivotalCore.framework */ = {
			isa = PBXReferenceProxy;
			fileType = wrapper.framework;
			path = UIKit_PivotalCore.framework;
			remoteRef = 1D69F1D11F591FD8003765A3 /* PBXContainerItemProxy */;
			sourceTree = BUILT_PRODUCTS_DIR;
		};
		1D69F1D41F591FD8003765A3 /* UIKit_PivotalCore.framework */ = {
			isa = PBXReferenceProxy;
			fileType = wrapper.framework;
			path = UIKit_PivotalCore.framework;
			remoteRef = 1D69F1D31F591FD8003765A3 /* PBXContainerItemProxy */;
			sourceTree = BUILT_PRODUCTS_DIR;
		};
		1D69F1D61F591FD8003765A3 /* UIKit_PivotalSpecHelper.framework */ = {
			isa = PBXReferenceProxy;
			fileType = wrapper.framework;
			path = UIKit_PivotalSpecHelper.framework;
			remoteRef = 1D69F1D51F591FD8003765A3 /* PBXContainerItemProxy */;
			sourceTree = BUILT_PRODUCTS_DIR;
		};
		1D69F1D81F591FD8003765A3 /* UIKit_PivotalSpecHelper.framework */ = {
			isa = PBXReferenceProxy;
			fileType = wrapper.framework;
			path = UIKit_PivotalSpecHelper.framework;
			remoteRef = 1D69F1D71F591FD8003765A3 /* PBXContainerItemProxy */;
			sourceTree = BUILT_PRODUCTS_DIR;
		};
		1D69F1DA1F591FD8003765A3 /* UIKit_PivotalSpecHelperStubs.framework */ = {
			isa = PBXReferenceProxy;
			fileType = wrapper.framework;
			path = UIKit_PivotalSpecHelperStubs.framework;
			remoteRef = 1D69F1D91F591FD8003765A3 /* PBXContainerItemProxy */;
			sourceTree = BUILT_PRODUCTS_DIR;
		};
		1D69F1DC1F591FD8003765A3 /* UIKit_PivotalSpecHelperStubs.framework */ = {
			isa = PBXReferenceProxy;
			fileType = wrapper.framework;
			path = UIKit_PivotalSpecHelperStubs.framework;
			remoteRef = 1D69F1DB1F591FD8003765A3 /* PBXContainerItemProxy */;
			sourceTree = BUILT_PRODUCTS_DIR;
		};
		1D69F1DE1F591FD8003765A3 /* UIKit-StaticLibSpec.app */ = {
			isa = PBXReferenceProxy;
			fileType = wrapper.application;
			path = "UIKit-StaticLibSpec.app";
			remoteRef = 1D69F1DD1F591FD8003765A3 /* PBXContainerItemProxy */;
			sourceTree = BUILT_PRODUCTS_DIR;
		};
		1D69F1E01F591FD8003765A3 /* UIKit-StaticLibSpecBundle.xctest */ = {
			isa = PBXReferenceProxy;
			fileType = wrapper.cfbundle;
			path = "UIKit-StaticLibSpecBundle.xctest";
			remoteRef = 1D69F1DF1F591FD8003765A3 /* PBXContainerItemProxy */;
			sourceTree = BUILT_PRODUCTS_DIR;
		};
		1D69F1E21F591FD8003765A3 /* UIKit-tvOS SpecHost.app */ = {
			isa = PBXReferenceProxy;
			fileType = wrapper.application;
			path = "UIKit-tvOS SpecHost.app";
			remoteRef = 1D69F1E11F591FD8003765A3 /* PBXContainerItemProxy */;
			sourceTree = BUILT_PRODUCTS_DIR;
		};
		1D69F1E41F591FD8003765A3 /* UIKit-tvOS SpecBundle.xctest */ = {
			isa = PBXReferenceProxy;
			fileType = wrapper.cfbundle;
			path = "UIKit-tvOS SpecBundle.xctest";
			remoteRef = 1D69F1E31F591FD8003765A3 /* PBXContainerItemProxy */;
			sourceTree = BUILT_PRODUCTS_DIR;
		};
		1D69F1E61F591FD8003765A3 /* UIKit-iOS SpecHost.app */ = {
			isa = PBXReferenceProxy;
			fileType = wrapper.application;
			path = "UIKit-iOS SpecHost.app";
			remoteRef = 1D69F1E51F591FD8003765A3 /* PBXContainerItemProxy */;
			sourceTree = BUILT_PRODUCTS_DIR;
		};
		1D69F1E81F591FD8003765A3 /* UIKit-iOS SpecBundle.xctest */ = {
			isa = PBXReferenceProxy;
			fileType = wrapper.cfbundle;
			path = "UIKit-iOS SpecBundle.xctest";
			remoteRef = 1D69F1E71F591FD8003765A3 /* PBXContainerItemProxy */;
			sourceTree = BUILT_PRODUCTS_DIR;
		};
		1D69F2001F591FF0003765A3 /* Foundation+PivotalCore.framework */ = {
			isa = PBXReferenceProxy;
			fileType = wrapper.framework;
			path = "Foundation+PivotalCore.framework";
			remoteRef = 1D69F1FF1F591FF0003765A3 /* PBXContainerItemProxy */;
			sourceTree = BUILT_PRODUCTS_DIR;
		};
		1D69F2021F591FF0003765A3 /* libFoundation+PivotalCore-StaticLib.a */ = {
			isa = PBXReferenceProxy;
			fileType = archive.ar;
			path = "libFoundation+PivotalCore-StaticLib.a";
			remoteRef = 1D69F2011F591FF0003765A3 /* PBXContainerItemProxy */;
			sourceTree = BUILT_PRODUCTS_DIR;
		};
		1D69F2041F591FF0003765A3 /* Foundation_PivotalCore.framework */ = {
			isa = PBXReferenceProxy;
			fileType = wrapper.framework;
			path = Foundation_PivotalCore.framework;
			remoteRef = 1D69F2031F591FF0003765A3 /* PBXContainerItemProxy */;
			sourceTree = BUILT_PRODUCTS_DIR;
		};
		1D69F2061F591FF0003765A3 /* Foundation_PivotalCore.framework */ = {
			isa = PBXReferenceProxy;
			fileType = wrapper.framework;
			path = Foundation_PivotalCore.framework;
			remoteRef = 1D69F2051F591FF0003765A3 /* PBXContainerItemProxy */;
			sourceTree = BUILT_PRODUCTS_DIR;
		};
		1D69F2081F591FF0003765A3 /* Foundation_PivotalCore.framework */ = {
			isa = PBXReferenceProxy;
			fileType = wrapper.framework;
			path = Foundation_PivotalCore.framework;
			remoteRef = 1D69F2071F591FF0003765A3 /* PBXContainerItemProxy */;
			sourceTree = BUILT_PRODUCTS_DIR;
		};
		1D69F20A1F591FF0003765A3 /* Foundation+PivotalSpecHelper.framework */ = {
			isa = PBXReferenceProxy;
			fileType = wrapper.framework;
			path = "Foundation+PivotalSpecHelper.framework";
			remoteRef = 1D69F2091F591FF0003765A3 /* PBXContainerItemProxy */;
			sourceTree = BUILT_PRODUCTS_DIR;
		};
		1D69F20C1F591FF0003765A3 /* libFoundation+PivotalSpecHelper-StaticLib.a */ = {
			isa = PBXReferenceProxy;
			fileType = archive.ar;
			path = "libFoundation+PivotalSpecHelper-StaticLib.a";
			remoteRef = 1D69F20B1F591FF0003765A3 /* PBXContainerItemProxy */;
			sourceTree = BUILT_PRODUCTS_DIR;
		};
		1D69F20E1F591FF0003765A3 /* Foundation_PivotalSpecHelper.framework */ = {
			isa = PBXReferenceProxy;
			fileType = wrapper.framework;
			path = Foundation_PivotalSpecHelper.framework;
			remoteRef = 1D69F20D1F591FF0003765A3 /* PBXContainerItemProxy */;
			sourceTree = BUILT_PRODUCTS_DIR;
		};
		1D69F2101F591FF0003765A3 /* Foundation_PivotalSpecHelper.framework */ = {
			isa = PBXReferenceProxy;
			fileType = wrapper.framework;
			path = Foundation_PivotalSpecHelper.framework;
			remoteRef = 1D69F20F1F591FF0003765A3 /* PBXContainerItemProxy */;
			sourceTree = BUILT_PRODUCTS_DIR;
		};
		1D69F2121F591FF0003765A3 /* Foundation_PivotalSpecHelper.framework */ = {
			isa = PBXReferenceProxy;
			fileType = wrapper.framework;
			path = Foundation_PivotalSpecHelper.framework;
			remoteRef = 1D69F2111F591FF0003765A3 /* PBXContainerItemProxy */;
			sourceTree = BUILT_PRODUCTS_DIR;
		};
		1D69F2141F591FF0003765A3 /* FoundationSpec */ = {
			isa = PBXReferenceProxy;
			fileType = "compiled.mach-o.executable";
			path = FoundationSpec;
			remoteRef = 1D69F2131F591FF0003765A3 /* PBXContainerItemProxy */;
			sourceTree = BUILT_PRODUCTS_DIR;
		};
		1D69F2161F591FF0003765A3 /* Foundation-StaticLibSpec.app */ = {
			isa = PBXReferenceProxy;
			fileType = wrapper.application;
			path = "Foundation-StaticLibSpec.app";
			remoteRef = 1D69F2151F591FF0003765A3 /* PBXContainerItemProxy */;
			sourceTree = BUILT_PRODUCTS_DIR;
		};
		1D69F2181F591FF0003765A3 /* Foundation-StaticLibSpecBundle.xctest */ = {
			isa = PBXReferenceProxy;
			fileType = wrapper.cfbundle;
			path = "Foundation-StaticLibSpecBundle.xctest";
			remoteRef = 1D69F2171F591FF0003765A3 /* PBXContainerItemProxy */;
			sourceTree = BUILT_PRODUCTS_DIR;
		};
		1D69F21A1F591FF0003765A3 /* Foundation-tvOS SpecBundle.xctest */ = {
			isa = PBXReferenceProxy;
			fileType = wrapper.cfbundle;
			path = "Foundation-tvOS SpecBundle.xctest";
			remoteRef = 1D69F2191F591FF0003765A3 /* PBXContainerItemProxy */;
			sourceTree = BUILT_PRODUCTS_DIR;
		};
		1D69F21C1F591FF0003765A3 /* Foundation+PivotalCore-iOS-DynamicTests.xctest */ = {
			isa = PBXReferenceProxy;
			fileType = wrapper.cfbundle;
			path = "Foundation+PivotalCore-iOS-DynamicTests.xctest";
			remoteRef = 1D69F21B1F591FF0003765A3 /* PBXContainerItemProxy */;
			sourceTree = BUILT_PRODUCTS_DIR;
		};
/* End PBXReferenceProxy section */

/* Begin PBXResourcesBuildPhase section */
		1DCB9B491F57D32F00C93F6D /* Resources */ = {
			isa = PBXResourcesBuildPhase;
			buildActionMask = 2147483647;
			files = (
				1D69F16E1F591E65003765A3 /* users.json in Resources */,
				1DCB9B5E1F57D32F00C93F6D /* LaunchScreen.storyboard in Resources */,
				1D69F1771F591E65003765A3 /* DetailsViewController.xib in Resources */,
				1DCB9B5B1F57D32F00C93F6D /* Assets.xcassets in Resources */,
				1D69F1791F591E65003765A3 /* ViewController.xib in Resources */,
				1DCB9B591F57D32F00C93F6D /* Main.storyboard in Resources */,
			);
			runOnlyForDeploymentPostprocessing = 0;
		};
		1DCB9B621F57D32F00C93F6D /* Resources */ = {
			isa = PBXResourcesBuildPhase;
			buildActionMask = 2147483647;
			files = (
			);
			runOnlyForDeploymentPostprocessing = 0;
		};
/* End PBXResourcesBuildPhase section */

/* Begin PBXSourcesBuildPhase section */
		1DCB9B471F57D32F00C93F6D /* Sources */ = {
			isa = PBXSourcesBuildPhase;
			buildActionMask = 2147483647;
			files = (
				1D69F1711F591E65003765A3 /* JSONClient.m in Sources */,
				1D69F16B1F591E65003765A3 /* User.m in Sources */,
				1D69F1741F591E65003765A3 /* RequestProvider.m in Sources */,
				1D69F1751F591E65003765A3 /* DataRepository.m in Sources */,
				1D69F16D1F591E65003765A3 /* UserServiceDeserializer.m in Sources */,
				1D69F16C1F591E65003765A3 /* Dependancy.m in Sources */,
				1D69F1781F591E65003765A3 /* ViewController.m in Sources */,
				1DCB9B531F57D32F00C93F6D /* AppDelegate.m in Sources */,
				1DCB9B501F57D32F00C93F6D /* main.m in Sources */,
				1D69F1761F591E65003765A3 /* DetailsViewController.m in Sources */,
				1D69F16F1F591E65003765A3 /* HTTPClient.m in Sources */,
				1D69F1731F591E65003765A3 /* InjectorProvider.m in Sources */,
			);
			runOnlyForDeploymentPostprocessing = 0;
		};
		1DCB9B601F57D32F00C93F6D /* Sources */ = {
			isa = PBXSourcesBuildPhase;
			buildActionMask = 2147483647;
			files = (
				1D69F1AD1F591EF3003765A3 /* DetailsViewControllerSpec.mm in Sources */,
				1D69F2481F592AD7003765A3 /* AppDelegateSpec.mm in Sources */,
				1D69F1B21F591EF3003765A3 /* JSONClientSpec.mm in Sources */,
				1D69F1B41F591EF3003765A3 /* UserServiceDeserializerSpec.mm in Sources */,
				1D69F2AB1F592F2A003765A3 /* New.m in Sources */,
				1D69F1B31F591EF3003765A3 /* RequestProviderSpec.mm in Sources */,
				1D69F1B51F591EF3003765A3 /* ViewControllerSpec.mm in Sources */,
				1D69F1B01F591EF3003765A3 /* InjectorSpec.mm in Sources */,
				1D69F1AF1F591EF3003765A3 /* HTTPClientSpec.mm in Sources */,
				1D69F1AC1F591EF3003765A3 /* DataRepositorySpec.mm in Sources */,
			);
			runOnlyForDeploymentPostprocessing = 0;
		};
/* End PBXSourcesBuildPhase section */

/* Begin PBXTargetDependency section */
		1D69F10A1F591D1B003765A3 /* PBXTargetDependency */ = {
			isa = PBXTargetDependency;
			name = "Cedar-iOS StaticLib";
			targetProxy = 1D69F1091F591D1B003765A3 /* PBXContainerItemProxy */;
		};
		1D69F10D1F591D47003765A3 /* PBXTargetDependency */ = {
			isa = PBXTargetDependency;
			name = "Blindside-StaticLib";
			targetProxy = 1D69F10C1F591D47003765A3 /* PBXContainerItemProxy */;
		};
		1D69F10F1F591D4C003765A3 /* PBXTargetDependency */ = {
			isa = PBXTargetDependency;
			name = Deferred;
			targetProxy = 1D69F10E1F591D4C003765A3 /* PBXContainerItemProxy */;
		};
		1D69F2231F5920C8003765A3 /* PBXTargetDependency */ = {
			isa = PBXTargetDependency;
			name = "Blindside-StaticLib";
			targetProxy = 1D69F2221F5920C8003765A3 /* PBXContainerItemProxy */;
		};
		1D69F2251F5920D1003765A3 /* PBXTargetDependency */ = {
			isa = PBXTargetDependency;
			name = Deferred;
			targetProxy = 1D69F2241F5920D1003765A3 /* PBXContainerItemProxy */;
		};
		1DCB9B661F57D32F00C93F6D /* PBXTargetDependency */ = {
			isa = PBXTargetDependency;
			target = 1DCB9B4A1F57D32F00C93F6D /* TravisCI */;
			targetProxy = 1DCB9B651F57D32F00C93F6D /* PBXContainerItemProxy */;
		};
/* End PBXTargetDependency section */

/* Begin PBXVariantGroup section */
		1DCB9B571F57D32F00C93F6D /* Main.storyboard */ = {
			isa = PBXVariantGroup;
			children = (
				1DCB9B581F57D32F00C93F6D /* Base */,
			);
			name = Main.storyboard;
			sourceTree = "<group>";
		};
		1DCB9B5C1F57D32F00C93F6D /* LaunchScreen.storyboard */ = {
			isa = PBXVariantGroup;
			children = (
				1DCB9B5D1F57D32F00C93F6D /* Base */,
			);
			name = LaunchScreen.storyboard;
			sourceTree = "<group>";
		};
/* End PBXVariantGroup section */

/* Begin XCBuildConfiguration section */
		1DCB9B6B1F57D32F00C93F6D /* Debug */ = {
			isa = XCBuildConfiguration;
			buildSettings = {
				ALWAYS_SEARCH_USER_PATHS = NO;
				CLANG_ANALYZER_NONNULL = YES;
				CLANG_ANALYZER_NUMBER_OBJECT_CONVERSION = YES_AGGRESSIVE;
				CLANG_CXX_LANGUAGE_STANDARD = "gnu++0x";
				CLANG_CXX_LIBRARY = "libc++";
				CLANG_ENABLE_MODULES = YES;
				CLANG_ENABLE_OBJC_ARC = YES;
				CLANG_WARN_BOOL_CONVERSION = YES;
				CLANG_WARN_CONSTANT_CONVERSION = YES;
				CLANG_WARN_DIRECT_OBJC_ISA_USAGE = YES_ERROR;
				CLANG_WARN_DOCUMENTATION_COMMENTS = YES;
				CLANG_WARN_EMPTY_BODY = YES;
				CLANG_WARN_ENUM_CONVERSION = YES;
				CLANG_WARN_INFINITE_RECURSION = YES;
				CLANG_WARN_INT_CONVERSION = YES;
				CLANG_WARN_OBJC_ROOT_CLASS = YES_ERROR;
				CLANG_WARN_SUSPICIOUS_MOVE = YES;
				CLANG_WARN_UNREACHABLE_CODE = YES;
				CLANG_WARN__DUPLICATE_METHOD_MATCH = YES;
				"CODE_SIGN_IDENTITY[sdk=iphoneos*]" = "iPhone Developer";
				COPY_PHASE_STRIP = NO;
				DEBUG_INFORMATION_FORMAT = dwarf;
				ENABLE_STRICT_OBJC_MSGSEND = YES;
				ENABLE_TESTABILITY = YES;
				GCC_C_LANGUAGE_STANDARD = gnu99;
				GCC_DYNAMIC_NO_PIC = NO;
				GCC_NO_COMMON_BLOCKS = YES;
				GCC_OPTIMIZATION_LEVEL = 0;
				GCC_PREPROCESSOR_DEFINITIONS = (
					"DEBUG=1",
					"$(inherited)",
				);
				GCC_WARN_64_TO_32_BIT_CONVERSION = YES;
				GCC_WARN_ABOUT_RETURN_TYPE = YES_ERROR;
				GCC_WARN_UNDECLARED_SELECTOR = YES;
				GCC_WARN_UNINITIALIZED_AUTOS = YES_AGGRESSIVE;
				GCC_WARN_UNUSED_FUNCTION = YES;
				GCC_WARN_UNUSED_VARIABLE = YES;
				IPHONEOS_DEPLOYMENT_TARGET = 10.3;
				MTL_ENABLE_DEBUG_INFO = YES;
				ONLY_ACTIVE_ARCH = YES;
				SDKROOT = iphoneos;
				TARGETED_DEVICE_FAMILY = "1,2";
			};
			name = Debug;
		};
		1DCB9B6C1F57D32F00C93F6D /* Release */ = {
			isa = XCBuildConfiguration;
			buildSettings = {
				ALWAYS_SEARCH_USER_PATHS = NO;
				CLANG_ANALYZER_NONNULL = YES;
				CLANG_ANALYZER_NUMBER_OBJECT_CONVERSION = YES_AGGRESSIVE;
				CLANG_CXX_LANGUAGE_STANDARD = "gnu++0x";
				CLANG_CXX_LIBRARY = "libc++";
				CLANG_ENABLE_MODULES = YES;
				CLANG_ENABLE_OBJC_ARC = YES;
				CLANG_WARN_BOOL_CONVERSION = YES;
				CLANG_WARN_CONSTANT_CONVERSION = YES;
				CLANG_WARN_DIRECT_OBJC_ISA_USAGE = YES_ERROR;
				CLANG_WARN_DOCUMENTATION_COMMENTS = YES;
				CLANG_WARN_EMPTY_BODY = YES;
				CLANG_WARN_ENUM_CONVERSION = YES;
				CLANG_WARN_INFINITE_RECURSION = YES;
				CLANG_WARN_INT_CONVERSION = YES;
				CLANG_WARN_OBJC_ROOT_CLASS = YES_ERROR;
				CLANG_WARN_SUSPICIOUS_MOVE = YES;
				CLANG_WARN_UNREACHABLE_CODE = YES;
				CLANG_WARN__DUPLICATE_METHOD_MATCH = YES;
				"CODE_SIGN_IDENTITY[sdk=iphoneos*]" = "iPhone Developer";
				COPY_PHASE_STRIP = NO;
				DEBUG_INFORMATION_FORMAT = "dwarf-with-dsym";
				ENABLE_NS_ASSERTIONS = NO;
				ENABLE_STRICT_OBJC_MSGSEND = YES;
				GCC_C_LANGUAGE_STANDARD = gnu99;
				GCC_NO_COMMON_BLOCKS = YES;
				GCC_WARN_64_TO_32_BIT_CONVERSION = YES;
				GCC_WARN_ABOUT_RETURN_TYPE = YES_ERROR;
				GCC_WARN_UNDECLARED_SELECTOR = YES;
				GCC_WARN_UNINITIALIZED_AUTOS = YES_AGGRESSIVE;
				GCC_WARN_UNUSED_FUNCTION = YES;
				GCC_WARN_UNUSED_VARIABLE = YES;
				IPHONEOS_DEPLOYMENT_TARGET = 10.3;
				MTL_ENABLE_DEBUG_INFO = NO;
				SDKROOT = iphoneos;
				TARGETED_DEVICE_FAMILY = "1,2";
				VALIDATE_PRODUCT = YES;
			};
			name = Release;
		};
		1DCB9B6E1F57D32F00C93F6D /* Debug */ = {
			isa = XCBuildConfiguration;
			buildSettings = {
				ASSETCATALOG_COMPILER_APPICON_NAME = AppIcon;
				CLANG_CXX_LIBRARY = "libc++";
				INFOPLIST_FILE = TravisCI/Info.plist;
				LD_RUNPATH_SEARCH_PATHS = "$(inherited) @executable_path/Frameworks";
				PRODUCT_BUNDLE_IDENTIFIER = Replicon.TravisCI;
				PRODUCT_NAME = "$(TARGET_NAME)";
				USER_HEADER_SEARCH_PATHS = "\"$(PROJECT_DIR)/Externals/deferred/Deferred/\"/** \"$(PROJECT_DIR)/Externals/blindside/Headers/\"/** \"$(PROJECT_DIR)/Externals/cedar/Source/Headers/\"/**";
			};
			name = Debug;
		};
		1DCB9B6F1F57D32F00C93F6D /* Release */ = {
			isa = XCBuildConfiguration;
			buildSettings = {
				ASSETCATALOG_COMPILER_APPICON_NAME = AppIcon;
				CLANG_CXX_LIBRARY = "libc++";
				INFOPLIST_FILE = TravisCI/Info.plist;
				LD_RUNPATH_SEARCH_PATHS = "$(inherited) @executable_path/Frameworks";
				PRODUCT_BUNDLE_IDENTIFIER = Replicon.TravisCI;
				PRODUCT_NAME = "$(TARGET_NAME)";
				USER_HEADER_SEARCH_PATHS = "\"$(PROJECT_DIR)/Externals/deferred/Deferred/\"/** \"$(PROJECT_DIR)/Externals/blindside/Headers/\"/** \"$(PROJECT_DIR)/Externals/cedar/Source/Headers/\"/**";
			};
			name = Release;
		};
		1DCB9B711F57D32F00C93F6D /* Debug */ = {
			isa = XCBuildConfiguration;
			buildSettings = {
				BUNDLE_LOADER = "$(TEST_HOST)";
				CLANG_CXX_LIBRARY = "libc++";
				INFOPLIST_FILE = TravisCITests/Info.plist;
				LD_RUNPATH_SEARCH_PATHS = "$(inherited) @executable_path/Frameworks @loader_path/Frameworks";
				OTHER_LDFLAGS = (
					"-all_load",
					"-ObjC",
				);
				PRODUCT_BUNDLE_IDENTIFIER = Replicon.TravisCITests;
				PRODUCT_NAME = "$(TARGET_NAME)";
				TEST_HOST = "$(BUILT_PRODUCTS_DIR)/TravisCI.app/TravisCI";
				USER_HEADER_SEARCH_PATHS = "\"$(PROJECT_DIR)/Externals/deferred/Deferred/\"/** \"$(PROJECT_DIR)/Externals/cedar/Source/Headers/\"/** \"$(PROJECT_DIR)/Externals/blindside/Headers/\"/** \"$(PROJECT_DIR)/Externals/PivotalCoreKit/UIKit/SpecHelper/\"/** \"$(PROJECT_DIR)/Externals/PivotalCoreKit/Foundation/SpecHelper/\"/**";
			};
			name = Debug;
		};
		1DCB9B721F57D32F00C93F6D /* Release */ = {
			isa = XCBuildConfiguration;
			buildSettings = {
				BUNDLE_LOADER = "$(TEST_HOST)";
				CLANG_CXX_LIBRARY = "libc++";
				INFOPLIST_FILE = TravisCITests/Info.plist;
				LD_RUNPATH_SEARCH_PATHS = "$(inherited) @executable_path/Frameworks @loader_path/Frameworks";
				OTHER_LDFLAGS = (
					"-all_load",
					"-ObjC",
				);
				PRODUCT_BUNDLE_IDENTIFIER = Replicon.TravisCITests;
				PRODUCT_NAME = "$(TARGET_NAME)";
				TEST_HOST = "$(BUILT_PRODUCTS_DIR)/TravisCI.app/TravisCI";
				USER_HEADER_SEARCH_PATHS = "\"$(PROJECT_DIR)/Externals/deferred/Deferred/\"/** \"$(PROJECT_DIR)/Externals/cedar/Source/Headers/\"/** \"$(PROJECT_DIR)/Externals/blindside/Headers/\"/** \"$(PROJECT_DIR)/Externals/PivotalCoreKit/UIKit/SpecHelper/\"/** \"$(PROJECT_DIR)/Externals/PivotalCoreKit/Foundation/SpecHelper/\"/**";
			};
			name = Release;
		};
/* End XCBuildConfiguration section */

/* Begin XCConfigurationList section */
		1DCB9B461F57D32F00C93F6D /* Build configuration list for PBXProject "TravisCI" */ = {
			isa = XCConfigurationList;
			buildConfigurations = (
				1DCB9B6B1F57D32F00C93F6D /* Debug */,
				1DCB9B6C1F57D32F00C93F6D /* Release */,
			);
			defaultConfigurationIsVisible = 0;
			defaultConfigurationName = Debug;
		};
		1DCB9B6D1F57D32F00C93F6D /* Build configuration list for PBXNativeTarget "TravisCI" */ = {
			isa = XCConfigurationList;
			buildConfigurations = (
				1DCB9B6E1F57D32F00C93F6D /* Debug */,
				1DCB9B6F1F57D32F00C93F6D /* Release */,
			);
			defaultConfigurationIsVisible = 0;
			defaultConfigurationName = Debug;
		};
		1DCB9B701F57D32F00C93F6D /* Build configuration list for PBXNativeTarget "TravisCITests" */ = {
			isa = XCConfigurationList;
			buildConfigurations = (
				1DCB9B711F57D32F00C93F6D /* Debug */,
				1DCB9B721F57D32F00C93F6D /* Release */,
			);
			defaultConfigurationIsVisible = 0;
			defaultConfigurationName = Debug;
		};
/* End XCConfigurationList section */
	};
	rootObject = 1DCB9B431F57D32F00C93F6D /* Project object */;
}
