// !$*UTF8*$!
{
	archiveVersion = 1;
	classes = {
	};
	objectVersion = 46;
	objects = {

/* Begin PBXBuildFile section */
		1DCB9B501F57D32F00C93F6D /* main.m in Sources */ = {isa = PBXBuildFile; fileRef = 1DCB9B4F1F57D32F00C93F6D /* main.m */; };
		1DCB9B531F57D32F00C93F6D /* AppDelegate.m in Sources */ = {isa = PBXBuildFile; fileRef = 1DCB9B521F57D32F00C93F6D /* AppDelegate.m */; };
		1DCB9B561F57D32F00C93F6D /* ViewController.m in Sources */ = {isa = PBXBuildFile; fileRef = 1DCB9B551F57D32F00C93F6D /* ViewController.m */; };
		1DCB9B591F57D32F00C93F6D /* Main.storyboard in Resources */ = {isa = PBXBuildFile; fileRef = 1DCB9B571F57D32F00C93F6D /* Main.storyboard */; };
		1DCB9B5B1F57D32F00C93F6D /* Assets.xcassets in Resources */ = {isa = PBXBuildFile; fileRef = 1DCB9B5A1F57D32F00C93F6D /* Assets.xcassets */; };
		1DCB9B5E1F57D32F00C93F6D /* LaunchScreen.storyboard in Resources */ = {isa = PBXBuildFile; fileRef = 1DCB9B5C1F57D32F00C93F6D /* LaunchScreen.storyboard */; };
		1DCB9B691F57D32F00C93F6D /* TravisCITests.m in Sources */ = {isa = PBXBuildFile; fileRef = 1DCB9B681F57D32F00C93F6D /* TravisCITests.m */; };
/* End PBXBuildFile section */

/* Begin PBXContainerItemProxy section */
		1DCB9B651F57D32F00C93F6D /* PBXContainerItemProxy */ = {
			isa = PBXContainerItemProxy;
			containerPortal = 1DCB9B431F57D32F00C93F6D /* Project object */;
			proxyType = 1;
			remoteGlobalIDString = 1DCB9B4A1F57D32F00C93F6D;
			remoteInfo = TravisCI;
		};
/* End PBXContainerItemProxy section */

/* Begin PBXFileReference section */
		1DCB9B4B1F57D32F00C93F6D /* TravisCI.app */ = {isa = PBXFileReference; explicitFileType = wrapper.application; includeInIndex = 0; path = TravisCI.app; sourceTree = BUILT_PRODUCTS_DIR; };
		1DCB9B4F1F57D32F00C93F6D /* main.m */ = {isa = PBXFileReference; lastKnownFileType = sourcecode.c.objc; path = main.m; sourceTree = "<group>"; };
		1DCB9B511F57D32F00C93F6D /* AppDelegate.h */ = {isa = PBXFileReference; lastKnownFileType = sourcecode.c.h; path = AppDelegate.h; sourceTree = "<group>"; };
		1DCB9B521F57D32F00C93F6D /* AppDelegate.m */ = {isa = PBXFileReference; lastKnownFileType = sourcecode.c.objc; path = AppDelegate.m; sourceTree = "<group>"; };
		1DCB9B541F57D32F00C93F6D /* ViewController.h */ = {isa = PBXFileReference; lastKnownFileType = sourcecode.c.h; path = ViewController.h; sourceTree = "<group>"; };
		1DCB9B551F57D32F00C93F6D /* ViewController.m */ = {isa = PBXFileReference; lastKnownFileType = sourcecode.c.objc; path = ViewController.m; sourceTree = "<group>"; };
		1DCB9B581F57D32F00C93F6D /* Base */ = {isa = PBXFileReference; lastKnownFileType = file.storyboard; name = Base; path = Base.lproj/Main.storyboard; sourceTree = "<group>"; };
		1DCB9B5A1F57D32F00C93F6D /* Assets.xcassets */ = {isa = PBXFileReference; lastKnownFileType = folder.assetcatalog; path = Assets.xcassets; sourceTree = "<group>"; };
		1DCB9B5D1F57D32F00C93F6D /* Base */ = {isa = PBXFileReference; lastKnownFileType = file.storyboard; name = Base; path = Base.lproj/LaunchScreen.storyboard; sourceTree = "<group>"; };
		1DCB9B5F1F57D32F00C93F6D /* Info.plist */ = {isa = PBXFileReference; lastKnownFileType = text.plist.xml; path = Info.plist; sourceTree = "<group>"; };
		1DCB9B641F57D32F00C93F6D /* TravisCITests.xctest */ = {isa = PBXFileReference; explicitFileType = wrapper.cfbundle; includeInIndex = 0; path = TravisCITests.xctest; sourceTree = BUILT_PRODUCTS_DIR; };
		1DCB9B681F57D32F00C93F6D /* TravisCITests.m */ = {isa = PBXFileReference; lastKnownFileType = sourcecode.c.objc; path = TravisCITests.m; sourceTree = "<group>"; };
		1DCB9B6A1F57D32F00C93F6D /* Info.plist */ = {isa = PBXFileReference; lastKnownFileType = text.plist.xml; path = Info.plist; sourceTree = "<group>"; };
/* End PBXFileReference section */

/* Begin PBXFrameworksBuildPhase section */
		1DCB9B481F57D32F00C93F6D /* Frameworks */ = {
			isa = PBXFrameworksBuildPhase;
			buildActionMask = 2147483647;
			files = (
			);
			runOnlyForDeploymentPostprocessing = 0;
		};
		1DCB9B611F57D32F00C93F6D /* Frameworks */ = {
			isa = PBXFrameworksBuildPhase;
			buildActionMask = 2147483647;
			files = (
			);
			runOnlyForDeploymentPostprocessing = 0;
		};
/* End PBXFrameworksBuildPhase section */

/* Begin PBXGroup section */
		1DCB9B421F57D32F00C93F6D = {
			isa = PBXGroup;
			children = (
				1DCB9B4D1F57D32F00C93F6D /* TravisCI */,
				1DCB9B671F57D32F00C93F6D /* TravisCITests */,
				1DCB9B4C1F57D32F00C93F6D /* Products */,
			);
			sourceTree = "<group>";
		};
		1DCB9B4C1F57D32F00C93F6D /* Products */ = {
			isa = PBXGroup;
			children = (
				1DCB9B4B1F57D32F00C93F6D /* TravisCI.app */,
				1DCB9B641F57D32F00C93F6D /* TravisCITests.xctest */,
			);
			name = Products;
			sourceTree = "<group>";
		};
		1DCB9B4D1F57D32F00C93F6D /* TravisCI */ = {
			isa = PBXGroup;
			children = (
				1DCB9B511F57D32F00C93F6D /* AppDelegate.h */,
				1DCB9B521F57D32F00C93F6D /* AppDelegate.m */,
				1DCB9B541F57D32F00C93F6D /* ViewController.h */,
				1DCB9B551F57D32F00C93F6D /* ViewController.m */,
				1DCB9B571F57D32F00C93F6D /* Main.storyboard */,
				1DCB9B5A1F57D32F00C93F6D /* Assets.xcassets */,
				1DCB9B5C1F57D32F00C93F6D /* LaunchScreen.storyboard */,
				1DCB9B5F1F57D32F00C93F6D /* Info.plist */,
				1DCB9B4E1F57D32F00C93F6D /* Supporting Files */,
			);
			path = TravisCI;
			sourceTree = "<group>";
		};
		1DCB9B4E1F57D32F00C93F6D /* Supporting Files */ = {
			isa = PBXGroup;
			children = (
				1DCB9B4F1F57D32F00C93F6D /* main.m */,
			);
			name = "Supporting Files";
			sourceTree = "<group>";
		};
		1DCB9B671F57D32F00C93F6D /* TravisCITests */ = {
			isa = PBXGroup;
			children = (
				1DCB9B681F57D32F00C93F6D /* TravisCITests.m */,
				1DCB9B6A1F57D32F00C93F6D /* Info.plist */,
			);
			path = TravisCITests;
			sourceTree = "<group>";
		};
/* End PBXGroup section */

/* Begin PBXNativeTarget section */
		1DCB9B4A1F57D32F00C93F6D /* TravisCI */ = {
			isa = PBXNativeTarget;
			buildConfigurationList = 1DCB9B6D1F57D32F00C93F6D /* Build configuration list for PBXNativeTarget "TravisCI" */;
			buildPhases = (
				1DCB9B471F57D32F00C93F6D /* Sources */,
				1DCB9B481F57D32F00C93F6D /* Frameworks */,
				1DCB9B491F57D32F00C93F6D /* Resources */,
			);
			buildRules = (
			);
			dependencies = (
			);
			name = TravisCI;
			productName = TravisCI;
			productReference = 1DCB9B4B1F57D32F00C93F6D /* TravisCI.app */;
			productType = "com.apple.product-type.application";
		};
		1DCB9B631F57D32F00C93F6D /* TravisCITests */ = {
			isa = PBXNativeTarget;
			buildConfigurationList = 1DCB9B701F57D32F00C93F6D /* Build configuration list for PBXNativeTarget "TravisCITests" */;
			buildPhases = (
				1DCB9B601F57D32F00C93F6D /* Sources */,
				1DCB9B611F57D32F00C93F6D /* Frameworks */,
				1DCB9B621F57D32F00C93F6D /* Resources */,
			);
			buildRules = (
			);
			dependencies = (
				1DCB9B661F57D32F00C93F6D /* PBXTargetDependency */,
			);
			name = TravisCITests;
			productName = TravisCITests;
			productReference = 1DCB9B641F57D32F00C93F6D /* TravisCITests.xctest */;
			productType = "com.apple.product-type.bundle.unit-test";
		};
/* End PBXNativeTarget section */

/* Begin PBXProject section */
		1DCB9B431F57D32F00C93F6D /* Project object */ = {
			isa = PBXProject;
			attributes = {
				LastUpgradeCheck = 0830;
				ORGANIZATIONNAME = "Ullas ML";
				TargetAttributes = {
					1DCB9B4A1F57D32F00C93F6D = {
						CreatedOnToolsVersion = 8.3.3;
						ProvisioningStyle = Automatic;
					};
					1DCB9B631F57D32F00C93F6D = {
						CreatedOnToolsVersion = 8.3.3;
						ProvisioningStyle = Automatic;
						TestTargetID = 1DCB9B4A1F57D32F00C93F6D;
					};
				};
			};
			buildConfigurationList = 1DCB9B461F57D32F00C93F6D /* Build configuration list for PBXProject "TravisCI" */;
			compatibilityVersion = "Xcode 3.2";
			developmentRegion = English;
			hasScannedForEncodings = 0;
			knownRegions = (
				en,
				Base,
			);
			mainGroup = 1DCB9B421F57D32F00C93F6D;
			productRefGroup = 1DCB9B4C1F57D32F00C93F6D /* Products */;
			projectDirPath = "";
			projectRoot = "";
			targets = (
				1DCB9B4A1F57D32F00C93F6D /* TravisCI */,
				1DCB9B631F57D32F00C93F6D /* TravisCITests */,
			);
		};
/* End PBXProject section */

/* Begin PBXResourcesBuildPhase section */
		1DCB9B491F57D32F00C93F6D /* Resources */ = {
			isa = PBXResourcesBuildPhase;
			buildActionMask = 2147483647;
			files = (
				1DCB9B5E1F57D32F00C93F6D /* LaunchScreen.storyboard in Resources */,
				1DCB9B5B1F57D32F00C93F6D /* Assets.xcassets in Resources */,
				1DCB9B591F57D32F00C93F6D /* Main.storyboard in Resources */,
			);
			runOnlyForDeploymentPostprocessing = 0;
		};
		1DCB9B621F57D32F00C93F6D /* Resources */ = {
			isa = PBXResourcesBuildPhase;
			buildActionMask = 2147483647;
			files = (
			);
			runOnlyForDeploymentPostprocessing = 0;
		};
/* End PBXResourcesBuildPhase section */

/* Begin PBXSourcesBuildPhase section */
		1DCB9B471F57D32F00C93F6D /* Sources */ = {
			isa = PBXSourcesBuildPhase;
			buildActionMask = 2147483647;
			files = (
				1DCB9B561F57D32F00C93F6D /* ViewController.m in Sources */,
				1DCB9B531F57D32F00C93F6D /* AppDelegate.m in Sources */,
				1DCB9B501F57D32F00C93F6D /* main.m in Sources */,
			);
			runOnlyForDeploymentPostprocessing = 0;
		};
		1DCB9B601F57D32F00C93F6D /* Sources */ = {
			isa = PBXSourcesBuildPhase;
			buildActionMask = 2147483647;
			files = (
				1DCB9B691F57D32F00C93F6D /* TravisCITests.m in Sources */,
			);
			runOnlyForDeploymentPostprocessing = 0;
		};
/* End PBXSourcesBuildPhase section */

/* Begin PBXTargetDependency section */
		1DCB9B661F57D32F00C93F6D /* PBXTargetDependency */ = {
			isa = PBXTargetDependency;
			target = 1DCB9B4A1F57D32F00C93F6D /* TravisCI */;
			targetProxy = 1DCB9B651F57D32F00C93F6D /* PBXContainerItemProxy */;
		};
/* End PBXTargetDependency section */

/* Begin PBXVariantGroup section */
		1DCB9B571F57D32F00C93F6D /* Main.storyboard */ = {
			isa = PBXVariantGroup;
			children = (
				1DCB9B581F57D32F00C93F6D /* Base */,
			);
			name = Main.storyboard;
			sourceTree = "<group>";
		};
		1DCB9B5C1F57D32F00C93F6D /* LaunchScreen.storyboard */ = {
			isa = PBXVariantGroup;
			children = (
				1DCB9B5D1F57D32F00C93F6D /* Base */,
			);
			name = LaunchScreen.storyboard;
			sourceTree = "<group>";
		};
/* End PBXVariantGroup section */

/* Begin XCBuildConfiguration section */
		1DCB9B6B1F57D32F00C93F6D /* Debug */ = {
			isa = XCBuildConfiguration;
			buildSettings = {
				ALWAYS_SEARCH_USER_PATHS = NO;
				CLANG_ANALYZER_NONNULL = YES;
				CLANG_ANALYZER_NUMBER_OBJECT_CONVERSION = YES_AGGRESSIVE;
				CLANG_CXX_LANGUAGE_STANDARD = "gnu++0x";
				CLANG_CXX_LIBRARY = "libc++";
				CLANG_ENABLE_MODULES = YES;
				CLANG_ENABLE_OBJC_ARC = YES;
				CLANG_WARN_BOOL_CONVERSION = YES;
				CLANG_WARN_CONSTANT_CONVERSION = YES;
				CLANG_WARN_DIRECT_OBJC_ISA_USAGE = YES_ERROR;
				CLANG_WARN_DOCUMENTATION_COMMENTS = YES;
				CLANG_WARN_EMPTY_BODY = YES;
				CLANG_WARN_ENUM_CONVERSION = YES;
				CLANG_WARN_INFINITE_RECURSION = YES;
				CLANG_WARN_INT_CONVERSION = YES;
				CLANG_WARN_OBJC_ROOT_CLASS = YES_ERROR;
				CLANG_WARN_SUSPICIOUS_MOVE = YES;
				CLANG_WARN_UNREACHABLE_CODE = YES;
				CLANG_WARN__DUPLICATE_METHOD_MATCH = YES;
				"CODE_SIGN_IDENTITY[sdk=iphoneos*]" = "iPhone Developer";
				COPY_PHASE_STRIP = NO;
				DEBUG_INFORMATION_FORMAT = dwarf;
				ENABLE_STRICT_OBJC_MSGSEND = YES;
				ENABLE_TESTABILITY = YES;
				GCC_C_LANGUAGE_STANDARD = gnu99;
				GCC_DYNAMIC_NO_PIC = NO;
				GCC_NO_COMMON_BLOCKS = YES;
				GCC_OPTIMIZATION_LEVEL = 0;
				GCC_PREPROCESSOR_DEFINITIONS = (
					"DEBUG=1",
					"$(inherited)",
				);
				GCC_WARN_64_TO_32_BIT_CONVERSION = YES;
				GCC_WARN_ABOUT_RETURN_TYPE = YES_ERROR;
				GCC_WARN_UNDECLARED_SELECTOR = YES;
				GCC_WARN_UNINITIALIZED_AUTOS = YES_AGGRESSIVE;
				GCC_WARN_UNUSED_FUNCTION = YES;
				GCC_WARN_UNUSED_VARIABLE = YES;
				IPHONEOS_DEPLOYMENT_TARGET = 10.3;
				MTL_ENABLE_DEBUG_INFO = YES;
				ONLY_ACTIVE_ARCH = YES;
				SDKROOT = iphoneos;
				TARGETED_DEVICE_FAMILY = "1,2";
			};
			name = Debug;
		};
		1DCB9B6C1F57D32F00C93F6D /* Release */ = {
			isa = XCBuildConfiguration;
			buildSettings = {
				ALWAYS_SEARCH_USER_PATHS = NO;
				CLANG_ANALYZER_NONNULL = YES;
				CLANG_ANALYZER_NUMBER_OBJECT_CONVERSION = YES_AGGRESSIVE;
				CLANG_CXX_LANGUAGE_STANDARD = "gnu++0x";
				CLANG_CXX_LIBRARY = "libc++";
				CLANG_ENABLE_MODULES = YES;
				CLANG_ENABLE_OBJC_ARC = YES;
				CLANG_WARN_BOOL_CONVERSION = YES;
				CLANG_WARN_CONSTANT_CONVERSION = YES;
				CLANG_WARN_DIRECT_OBJC_ISA_USAGE = YES_ERROR;
				CLANG_WARN_DOCUMENTATION_COMMENTS = YES;
				CLANG_WARN_EMPTY_BODY = YES;
				CLANG_WARN_ENUM_CONVERSION = YES;
				CLANG_WARN_INFINITE_RECURSION = YES;
				CLANG_WARN_INT_CONVERSION = YES;
				CLANG_WARN_OBJC_ROOT_CLASS = YES_ERROR;
				CLANG_WARN_SUSPICIOUS_MOVE = YES;
				CLANG_WARN_UNREACHABLE_CODE = YES;
				CLANG_WARN__DUPLICATE_METHOD_MATCH = YES;
				"CODE_SIGN_IDENTITY[sdk=iphoneos*]" = "iPhone Developer";
				COPY_PHASE_STRIP = NO;
				DEBUG_INFORMATION_FORMAT = "dwarf-with-dsym";
				ENABLE_NS_ASSERTIONS = NO;
				ENABLE_STRICT_OBJC_MSGSEND = YES;
				GCC_C_LANGUAGE_STANDARD = gnu99;
				GCC_NO_COMMON_BLOCKS = YES;
				GCC_WARN_64_TO_32_BIT_CONVERSION = YES;
				GCC_WARN_ABOUT_RETURN_TYPE = YES_ERROR;
				GCC_WARN_UNDECLARED_SELECTOR = YES;
				GCC_WARN_UNINITIALIZED_AUTOS = YES_AGGRESSIVE;
				GCC_WARN_UNUSED_FUNCTION = YES;
				GCC_WARN_UNUSED_VARIABLE = YES;
				IPHONEOS_DEPLOYMENT_TARGET = 10.3;
				MTL_ENABLE_DEBUG_INFO = NO;
				SDKROOT = iphoneos;
				TARGETED_DEVICE_FAMILY = "1,2";
				VALIDATE_PRODUCT = YES;
			};
			name = Release;
		};
		1DCB9B6E1F57D32F00C93F6D /* Debug */ = {
			isa = XCBuildConfiguration;
			buildSettings = {
				ASSETCATALOG_COMPILER_APPICON_NAME = AppIcon;
				INFOPLIST_FILE = TravisCI/Info.plist;
				LD_RUNPATH_SEARCH_PATHS = "$(inherited) @executable_path/Frameworks";
				PRODUCT_BUNDLE_IDENTIFIER = Replicon.TravisCI;
				PRODUCT_NAME = "$(TARGET_NAME)";
			};
			name = Debug;
		};
		1DCB9B6F1F57D32F00C93F6D /* Release */ = {
			isa = XCBuildConfiguration;
			buildSettings = {
				ASSETCATALOG_COMPILER_APPICON_NAME = AppIcon;
				INFOPLIST_FILE = TravisCI/Info.plist;
				LD_RUNPATH_SEARCH_PATHS = "$(inherited) @executable_path/Frameworks";
				PRODUCT_BUNDLE_IDENTIFIER = Replicon.TravisCI;
				PRODUCT_NAME = "$(TARGET_NAME)";
			};
			name = Release;
		};
		1DCB9B711F57D32F00C93F6D /* Debug */ = {
			isa = XCBuildConfiguration;
			buildSettings = {
				BUNDLE_LOADER = "$(TEST_HOST)";
				INFOPLIST_FILE = TravisCITests/Info.plist;
				LD_RUNPATH_SEARCH_PATHS = "$(inherited) @executable_path/Frameworks @loader_path/Frameworks";
				PRODUCT_BUNDLE_IDENTIFIER = Replicon.TravisCITests;
				PRODUCT_NAME = "$(TARGET_NAME)";
				TEST_HOST = "$(BUILT_PRODUCTS_DIR)/TravisCI.app/TravisCI";
			};
			name = Debug;
		};
		1DCB9B721F57D32F00C93F6D /* Release */ = {
			isa = XCBuildConfiguration;
			buildSettings = {
				BUNDLE_LOADER = "$(TEST_HOST)";
				INFOPLIST_FILE = TravisCITests/Info.plist;
				LD_RUNPATH_SEARCH_PATHS = "$(inherited) @executable_path/Frameworks @loader_path/Frameworks";
				PRODUCT_BUNDLE_IDENTIFIER = Replicon.TravisCITests;
				PRODUCT_NAME = "$(TARGET_NAME)";
				TEST_HOST = "$(BUILT_PRODUCTS_DIR)/TravisCI.app/TravisCI";
			};
			name = Release;
		};
/* End XCBuildConfiguration section */

/* Begin XCConfigurationList section */
		1DCB9B461F57D32F00C93F6D /* Build configuration list for PBXProject "TravisCI" */ = {
			isa = XCConfigurationList;
			buildConfigurations = (
				1DCB9B6B1F57D32F00C93F6D /* Debug */,
				1DCB9B6C1F57D32F00C93F6D /* Release */,
			);
			defaultConfigurationIsVisible = 0;
			defaultConfigurationName = Debug;
		};
		1DCB9B6D1F57D32F00C93F6D /* Build configuration list for PBXNativeTarget "TravisCI" */ = {
			isa = XCConfigurationList;
			buildConfigurations = (
				1DCB9B6E1F57D32F00C93F6D /* Debug */,
				1DCB9B6F1F57D32F00C93F6D /* Release */,
			);
			defaultConfigurationIsVisible = 0;
			defaultConfigurationName = Debug;
		};
		1DCB9B701F57D32F00C93F6D /* Build configuration list for PBXNativeTarget "TravisCITests" */ = {
			isa = XCConfigurationList;
			buildConfigurations = (
				1DCB9B711F57D32F00C93F6D /* Debug */,
				1DCB9B721F57D32F00C93F6D /* Release */,
			);
			defaultConfigurationIsVisible = 0;
			defaultConfigurationName = Debug;
		};
/* End XCConfigurationList section */
	};
	rootObject = 1DCB9B431F57D32F00C93F6D /* Project object */;
}
